// !$*UTF8*$!
{
	archiveVersion = 1;
	classes = {
	};
	objectVersion = 46;
	objects = {

/* Begin PBXBuildFile section */
		0012C516177CE1E80017FF5E /* libz.dylib in Frameworks */ = {isa = PBXBuildFile; fileRef = 0012C515177CE1E70017FF5E /* libz.dylib */; };
		001842881AAD4E9F00428551 /* libzsLib_ios.a in Frameworks */ = {isa = PBXBuildFile; fileRef = 0039C4031AAD3A1400A8E9D0 /* libzsLib_ios.a */; };
		001842901AAD4ED300428551 /* libudns_ios.a in Frameworks */ = {isa = PBXBuildFile; fileRef = 0039C44E1AAD3A1400A8E9D0 /* libudns_ios.a */; };
		001842911AAD4EE100428551 /* libidnkit_ios.a in Frameworks */ = {isa = PBXBuildFile; fileRef = 0039C3F71AAD3A1300A8E9D0 /* libidnkit_ios.a */; };
		001842921AAD4EEA00428551 /* libhfservices_ios.a in Frameworks */ = {isa = PBXBuildFile; fileRef = 0039C3F11AAD3A1300A8E9D0 /* libhfservices_ios.a */; };
		001842931AAD4EF300428551 /* libortclib_ios.a in Frameworks */ = {isa = PBXBuildFile; fileRef = 004B8DA1189C2BF300D4F6A8 /* libortclib_ios.a */; };
		001842961AAD4F2F00428551 /* libcryptopp_ios.a in Frameworks */ = {isa = PBXBuildFile; fileRef = 0039C40B1AAD3A1400A8E9D0 /* libcryptopp_ios.a */; };
		00243922178F473500B79368 /* Security.framework in Frameworks */ = {isa = PBXBuildFile; fileRef = 00243921178F473500B79368 /* Security.framework */; };
		002F74AC1839BD1700581FA7 /* AssetsLibrary.framework in Frameworks */ = {isa = PBXBuildFile; fileRef = E2506E55170DA584005A43D2 /* AssetsLibrary.framework */; };
		002F74AD1839BD3A00581FA7 /* libz.dylib in Frameworks */ = {isa = PBXBuildFile; fileRef = 0012C515177CE1E70017FF5E /* libz.dylib */; };
		0063D5D616CB35D700E6DB4D /* UIKit.framework in Frameworks */ = {isa = PBXBuildFile; fileRef = 0063D5D516CB35D700E6DB4D /* UIKit.framework */; };
		0063D5D816CB35D700E6DB4D /* Foundation.framework in Frameworks */ = {isa = PBXBuildFile; fileRef = 0063D5D716CB35D700E6DB4D /* Foundation.framework */; };
		0063D5DA16CB35D800E6DB4D /* CoreGraphics.framework in Frameworks */ = {isa = PBXBuildFile; fileRef = 0063D5D916CB35D700E6DB4D /* CoreGraphics.framework */; };
		0063D5E016CB35D800E6DB4D /* InfoPlist.strings in Resources */ = {isa = PBXBuildFile; fileRef = 0063D5DE16CB35D800E6DB4D /* InfoPlist.strings */; };
		0063D5E216CB35D800E6DB4D /* main.m in Sources */ = {isa = PBXBuildFile; fileRef = 0063D5E116CB35D800E6DB4D /* main.m */; };
		0063D5E616CB35D800E6DB4D /* AppDelegate.m in Sources */ = {isa = PBXBuildFile; fileRef = 0063D5E516CB35D800E6DB4D /* AppDelegate.m */; };
		0063D5E816CB35D800E6DB4D /* Default.png in Resources */ = {isa = PBXBuildFile; fileRef = 0063D5E716CB35D800E6DB4D /* Default.png */; };
		0063D5EA16CB35D800E6DB4D /* Default@2x.png in Resources */ = {isa = PBXBuildFile; fileRef = 0063D5E916CB35D800E6DB4D /* Default@2x.png */; };
		0063D5EC16CB35D800E6DB4D /* Default-568h@2x.png in Resources */ = {isa = PBXBuildFile; fileRef = 0063D5EB16CB35D800E6DB4D /* Default-568h@2x.png */; };
		0063D5EF16CB35D800E6DB4D /* MasterViewController.m in Sources */ = {isa = PBXBuildFile; fileRef = 0063D5EE16CB35D800E6DB4D /* MasterViewController.m */; };
		0063D5F216CB35D800E6DB4D /* DetailViewController.m in Sources */ = {isa = PBXBuildFile; fileRef = 0063D5F116CB35D800E6DB4D /* DetailViewController.m */; };
		0063D5F516CB35D800E6DB4D /* MasterViewController_iPhone.xib in Resources */ = {isa = PBXBuildFile; fileRef = 0063D5F316CB35D800E6DB4D /* MasterViewController_iPhone.xib */; };
		0063D5F816CB35D800E6DB4D /* MasterViewController_iPad.xib in Resources */ = {isa = PBXBuildFile; fileRef = 0063D5F616CB35D800E6DB4D /* MasterViewController_iPad.xib */; };
		0063D5FB16CB35D800E6DB4D /* DetailViewController_iPhone.xib in Resources */ = {isa = PBXBuildFile; fileRef = 0063D5F916CB35D800E6DB4D /* DetailViewController_iPhone.xib */; };
		0063D5FE16CB35D800E6DB4D /* DetailViewController_iPad.xib in Resources */ = {isa = PBXBuildFile; fileRef = 0063D5FC16CB35D800E6DB4D /* DetailViewController_iPad.xib */; };
		0063D7D816CB362400E6DB4D /* testing.cpp in Sources */ = {isa = PBXBuildFile; fileRef = 0063D63A16CB362300E6DB4D /* testing.cpp */; };
		0063D7D916CB362400E6DB4D /* desktop_FakeGUI.cpp in Sources */ = {isa = PBXBuildFile; fileRef = 0063D63D16CB362300E6DB4D /* desktop_FakeGUI.cpp */; };
		0063D89016CB38FE00E6DB4D /* libcurl.a in Frameworks */ = {isa = PBXBuildFile; fileRef = 0063D88C16CB38FE00E6DB4D /* libcurl.a */; };
		0063DA0D16CB487400E6DB4D /* CoreAudio.framework in Frameworks */ = {isa = PBXBuildFile; fileRef = 0063DA0C16CB487400E6DB4D /* CoreAudio.framework */; };
		0063DA0F16CB488200E6DB4D /* CoreFoundation.framework in Frameworks */ = {isa = PBXBuildFile; fileRef = 0063DA0E16CB488200E6DB4D /* CoreFoundation.framework */; };
		0063DA1116CB488D00E6DB4D /* AudioToolbox.framework in Frameworks */ = {isa = PBXBuildFile; fileRef = 0063DA1016CB488D00E6DB4D /* AudioToolbox.framework */; };
		0063DA1316CB48A400E6DB4D /* CoreVideo.framework in Frameworks */ = {isa = PBXBuildFile; fileRef = 0063DA1216CB48A400E6DB4D /* CoreVideo.framework */; };
		0063DA1716CB4A0F00E6DB4D /* AVFoundation.framework in Frameworks */ = {isa = PBXBuildFile; fileRef = 0063DA1616CB4A0F00E6DB4D /* AVFoundation.framework */; };
		0063DA1916CB4A8200E6DB4D /* CoreMedia.framework in Frameworks */ = {isa = PBXBuildFile; fileRef = 0063DA1816CB4A8200E6DB4D /* CoreMedia.framework */; };
		009286D71AAD478D0036394A /* libresolv.9.dylib in Frameworks */ = {isa = PBXBuildFile; fileRef = 009286D61AAD478D0036394A /* libresolv.9.dylib */; };
		009287691AAD4D790036394A /* libcryptopp_ios.a in Frameworks */ = {isa = PBXBuildFile; fileRef = 0039C40B1AAD3A1400A8E9D0 /* libcryptopp_ios.a */; };
		0092876A1AAD4D790036394A /* libeasysqlite_ios.a in Frameworks */ = {isa = PBXBuildFile; fileRef = E27A75661A40A9C0000A3D5C /* libeasysqlite_ios.a */; };
		0092876B1AAD4D790036394A /* libhfcore_ios.a in Frameworks */ = {isa = PBXBuildFile; fileRef = 0063D8B416CB39C500E6DB4D /* libhfcore_ios.a */; };
		0092876C1AAD4D790036394A /* libhfservices_ios.a in Frameworks */ = {isa = PBXBuildFile; fileRef = 0039C3F11AAD3A1300A8E9D0 /* libhfservices_ios.a */; };
		E22F931916CE78E600AB0A9E /* TestMediaEngine.cpp in Sources */ = {isa = PBXBuildFile; fileRef = E22F931716CE78E600AB0A9E /* TestMediaEngine.cpp */; };
		E22F931A16CE78E600AB0A9E /* TestMediaEngine.cpp in Sources */ = {isa = PBXBuildFile; fileRef = E22F931716CE78E600AB0A9E /* TestMediaEngine.cpp */; };
		E2437F2716CBD62200441ABD /* libhfstack_ios.a in Frameworks */ = {isa = PBXBuildFile; fileRef = 0063D8AE16CB39BD00E6DB4D /* libhfstack_ios.a */; };
		E2437F2F16CBD62200441ABD /* libcurl.a in Frameworks */ = {isa = PBXBuildFile; fileRef = 0063D88C16CB38FE00E6DB4D /* libcurl.a */; };
		E2437F3016CBD62200441ABD /* AudioToolbox.framework in Frameworks */ = {isa = PBXBuildFile; fileRef = 0063DA1016CB488D00E6DB4D /* AudioToolbox.framework */; };
		E2437F3116CBD62200441ABD /* AVFoundation.framework in Frameworks */ = {isa = PBXBuildFile; fileRef = 0063DA1616CB4A0F00E6DB4D /* AVFoundation.framework */; };
		E2437F3216CBD62200441ABD /* CoreAudio.framework in Frameworks */ = {isa = PBXBuildFile; fileRef = 0063DA0C16CB487400E6DB4D /* CoreAudio.framework */; };
		E2437F3316CBD62200441ABD /* CoreFoundation.framework in Frameworks */ = {isa = PBXBuildFile; fileRef = 0063DA0E16CB488200E6DB4D /* CoreFoundation.framework */; };
		E2437F3416CBD62200441ABD /* CoreGraphics.framework in Frameworks */ = {isa = PBXBuildFile; fileRef = 0063D5D916CB35D700E6DB4D /* CoreGraphics.framework */; };
		E2437F3516CBD62200441ABD /* CoreMedia.framework in Frameworks */ = {isa = PBXBuildFile; fileRef = 0063DA1816CB4A8200E6DB4D /* CoreMedia.framework */; };
		E2437F3616CBD62200441ABD /* CoreVideo.framework in Frameworks */ = {isa = PBXBuildFile; fileRef = 0063DA1216CB48A400E6DB4D /* CoreVideo.framework */; };
		E2437F3716CBD62200441ABD /* Foundation.framework in Frameworks */ = {isa = PBXBuildFile; fileRef = 0063D5D716CB35D700E6DB4D /* Foundation.framework */; };
		E2437F3816CBD62200441ABD /* UIKit.framework in Frameworks */ = {isa = PBXBuildFile; fileRef = 0063D5D516CB35D700E6DB4D /* UIKit.framework */; };
		E2437F3A16CBD62200441ABD /* InfoPlist.strings in Resources */ = {isa = PBXBuildFile; fileRef = 0063D5DE16CB35D800E6DB4D /* InfoPlist.strings */; };
		E2437F3B16CBD62200441ABD /* Default.png in Resources */ = {isa = PBXBuildFile; fileRef = 0063D5E716CB35D800E6DB4D /* Default.png */; };
		E2437F3C16CBD62200441ABD /* Default@2x.png in Resources */ = {isa = PBXBuildFile; fileRef = 0063D5E916CB35D800E6DB4D /* Default@2x.png */; };
		E2437F3D16CBD62200441ABD /* Default-568h@2x.png in Resources */ = {isa = PBXBuildFile; fileRef = 0063D5EB16CB35D800E6DB4D /* Default-568h@2x.png */; };
		E2437F3E16CBD62200441ABD /* MasterViewController_iPhone.xib in Resources */ = {isa = PBXBuildFile; fileRef = 0063D5F316CB35D800E6DB4D /* MasterViewController_iPhone.xib */; };
		E2437F3F16CBD62200441ABD /* MasterViewController_iPad.xib in Resources */ = {isa = PBXBuildFile; fileRef = 0063D5F616CB35D800E6DB4D /* MasterViewController_iPad.xib */; };
		E2437F4016CBD62200441ABD /* DetailViewController_iPhone.xib in Resources */ = {isa = PBXBuildFile; fileRef = 0063D5F916CB35D800E6DB4D /* DetailViewController_iPhone.xib */; };
		E2437F4116CBD62200441ABD /* DetailViewController_iPad.xib in Resources */ = {isa = PBXBuildFile; fileRef = 0063D5FC16CB35D800E6DB4D /* DetailViewController_iPad.xib */; };
		E243806716CBD91900441ABD /* AppDelegate.mm in Sources */ = {isa = PBXBuildFile; fileRef = E243806216CBD91900441ABD /* AppDelegate.mm */; };
		E243806816CBD91900441ABD /* MediaEngineDelegateWrapper.mm in Sources */ = {isa = PBXBuildFile; fileRef = E243806416CBD91900441ABD /* MediaEngineDelegateWrapper.mm */; };
		E243806916CBD91900441ABD /* ViewController.mm in Sources */ = {isa = PBXBuildFile; fileRef = E243806616CBD91900441ABD /* ViewController.mm */; };
		E243806C16CBD93000441ABD /* ViewController.xib in Resources */ = {isa = PBXBuildFile; fileRef = E243806A16CBD93000441ABD /* ViewController.xib */; };
		E243807116CBD95400441ABD /* main.m in Sources */ = {isa = PBXBuildFile; fileRef = E243806F16CBD95400441ABD /* main.m */; };
		E243807416CBD96A00441ABD /* InfoPlist.strings in Resources */ = {isa = PBXBuildFile; fileRef = E243807216CBD96A00441ABD /* InfoPlist.strings */; };
		E2506E4D170DA49F005A43D2 /* MobileCoreServices.framework in Frameworks */ = {isa = PBXBuildFile; fileRef = E2506E4C170DA49E005A43D2 /* MobileCoreServices.framework */; };
		E2506E54170DA55C005A43D2 /* CoreImage.framework in Frameworks */ = {isa = PBXBuildFile; fileRef = E2506E53170DA55C005A43D2 /* CoreImage.framework */; };
		E2506E56170DA584005A43D2 /* AssetsLibrary.framework in Frameworks */ = {isa = PBXBuildFile; fileRef = E2506E55170DA584005A43D2 /* AssetsLibrary.framework */; };
		E27A756E1A40AA0B000A3D5C /* libeasysqlite_ios.a in Frameworks */ = {isa = PBXBuildFile; fileRef = E27A75661A40A9C0000A3D5C /* libeasysqlite_ios.a */; };
		E2D8ED911804400F00FB0EAE /* Security.framework in Frameworks */ = {isa = PBXBuildFile; fileRef = 00243921178F473500B79368 /* Security.framework */; };
		E2E46022192BF978005BAED9 /* libacm2.a in Frameworks */ = {isa = PBXBuildFile; fileRef = E2E4601B192BF820005BAED9 /* libacm2.a */; };
		E2E46023192BF978005BAED9 /* librbe_components.a in Frameworks */ = {isa = PBXBuildFile; fileRef = E2E46018192BF7EC005BAED9 /* librbe_components.a */; };
		E2E4604A192BF980005BAED9 /* libaudio_coding_module.a in Frameworks */ = {isa = PBXBuildFile; fileRef = E2E46025192BF979005BAED9 /* libaudio_coding_module.a */; };
		E2E4604B192BF980005BAED9 /* libaudio_conference_mixer.a in Frameworks */ = {isa = PBXBuildFile; fileRef = E2E46026192BF979005BAED9 /* libaudio_conference_mixer.a */; };
		E2E4604C192BF980005BAED9 /* libaudio_device.a in Frameworks */ = {isa = PBXBuildFile; fileRef = E2E46027192BF979005BAED9 /* libaudio_device.a */; };
		E2E4604D192BF980005BAED9 /* libaudio_processing_neon.a in Frameworks */ = {isa = PBXBuildFile; fileRef = E2E46028192BF979005BAED9 /* libaudio_processing_neon.a */; };
		E2E4604E192BF980005BAED9 /* libaudio_processing.a in Frameworks */ = {isa = PBXBuildFile; fileRef = E2E46029192BF979005BAED9 /* libaudio_processing.a */; };
		E2E4604F192BF980005BAED9 /* libbitrate_controller.a in Frameworks */ = {isa = PBXBuildFile; fileRef = E2E4602A192BF97A005BAED9 /* libbitrate_controller.a */; };
		E2E46050192BF980005BAED9 /* libchannel_transport.a in Frameworks */ = {isa = PBXBuildFile; fileRef = E2E4602B192BF97A005BAED9 /* libchannel_transport.a */; };
		E2E46051192BF980005BAED9 /* libCNG.a in Frameworks */ = {isa = PBXBuildFile; fileRef = E2E4602C192BF97A005BAED9 /* libCNG.a */; };
		E2E46052192BF980005BAED9 /* libcommon_audio_neon.a in Frameworks */ = {isa = PBXBuildFile; fileRef = E2E4602D192BF97A005BAED9 /* libcommon_audio_neon.a */; };
		E2E46053192BF980005BAED9 /* libcommon_audio.a in Frameworks */ = {isa = PBXBuildFile; fileRef = E2E4602E192BF97A005BAED9 /* libcommon_audio.a */; };
		E2E46054192BF980005BAED9 /* libcommon_video.a in Frameworks */ = {isa = PBXBuildFile; fileRef = E2E4602F192BF97B005BAED9 /* libcommon_video.a */; };
		E2E46055192BF980005BAED9 /* libG711.a in Frameworks */ = {isa = PBXBuildFile; fileRef = E2E46030192BF97B005BAED9 /* libG711.a */; };
		E2E46056192BF980005BAED9 /* libG722.a in Frameworks */ = {isa = PBXBuildFile; fileRef = E2E46031192BF97B005BAED9 /* libG722.a */; };
		E2E46057192BF980005BAED9 /* libiLBC.a in Frameworks */ = {isa = PBXBuildFile; fileRef = E2E46032192BF97B005BAED9 /* libiLBC.a */; };
		E2E46058192BF980005BAED9 /* libisac_neon.a in Frameworks */ = {isa = PBXBuildFile; fileRef = E2E46033192BF97B005BAED9 /* libisac_neon.a */; };
		E2E46059192BF980005BAED9 /* libiSAC.a in Frameworks */ = {isa = PBXBuildFile; fileRef = E2E46034192BF97C005BAED9 /* libiSAC.a */; };
		E2E4605A192BF980005BAED9 /* libiSACFix.a in Frameworks */ = {isa = PBXBuildFile; fileRef = E2E46035192BF97C005BAED9 /* libiSACFix.a */; };
		E2E4605B192BF980005BAED9 /* libmedia_file.a in Frameworks */ = {isa = PBXBuildFile; fileRef = E2E46036192BF97C005BAED9 /* libmedia_file.a */; };
		E2E4605C192BF980005BAED9 /* libNetEq.a in Frameworks */ = {isa = PBXBuildFile; fileRef = E2E46037192BF97C005BAED9 /* libNetEq.a */; };
		E2E4605D192BF980005BAED9 /* libNetEq4.a in Frameworks */ = {isa = PBXBuildFile; fileRef = E2E46038192BF97C005BAED9 /* libNetEq4.a */; };
		E2E4605E192BF980005BAED9 /* libpaced_sender.a in Frameworks */ = {isa = PBXBuildFile; fileRef = E2E46039192BF97D005BAED9 /* libpaced_sender.a */; };
		E2E4605F192BF980005BAED9 /* libPCM16B.a in Frameworks */ = {isa = PBXBuildFile; fileRef = E2E4603A192BF97D005BAED9 /* libPCM16B.a */; };
		E2E46060192BF980005BAED9 /* libremote_bitrate_estimator.a in Frameworks */ = {isa = PBXBuildFile; fileRef = E2E4603B192BF97D005BAED9 /* libremote_bitrate_estimator.a */; };
		E2E46061192BF980005BAED9 /* librtp_rtcp.a in Frameworks */ = {isa = PBXBuildFile; fileRef = E2E4603C192BF97D005BAED9 /* librtp_rtcp.a */; };
		E2E46062192BF980005BAED9 /* libsystem_wrappers.a in Frameworks */ = {isa = PBXBuildFile; fileRef = E2E4603D192BF97D005BAED9 /* libsystem_wrappers.a */; };
		E2E46063192BF980005BAED9 /* libvideo_capture_module.a in Frameworks */ = {isa = PBXBuildFile; fileRef = E2E4603E192BF97E005BAED9 /* libvideo_capture_module.a */; };
		E2E46064192BF980005BAED9 /* libvideo_coding_utility.a in Frameworks */ = {isa = PBXBuildFile; fileRef = E2E4603F192BF97E005BAED9 /* libvideo_coding_utility.a */; };
		E2E46065192BF980005BAED9 /* libvideo_engine_core.a in Frameworks */ = {isa = PBXBuildFile; fileRef = E2E46040192BF97E005BAED9 /* libvideo_engine_core.a */; };
		E2E46066192BF980005BAED9 /* libvideo_processing.a in Frameworks */ = {isa = PBXBuildFile; fileRef = E2E46041192BF97E005BAED9 /* libvideo_processing.a */; };
		E2E46067192BF980005BAED9 /* libvideo_render_module.a in Frameworks */ = {isa = PBXBuildFile; fileRef = E2E46042192BF97E005BAED9 /* libvideo_render_module.a */; };
		E2E46068192BF980005BAED9 /* libvoice_engine.a in Frameworks */ = {isa = PBXBuildFile; fileRef = E2E46043192BF97F005BAED9 /* libvoice_engine.a */; };
		E2E46069192BF980005BAED9 /* libvpx.a in Frameworks */ = {isa = PBXBuildFile; fileRef = E2E46044192BF97F005BAED9 /* libvpx.a */; };
		E2E4606A192BF980005BAED9 /* libwebrtc_i420.a in Frameworks */ = {isa = PBXBuildFile; fileRef = E2E46045192BF97F005BAED9 /* libwebrtc_i420.a */; };
		E2E4606B192BF980005BAED9 /* libwebrtc_opus.a in Frameworks */ = {isa = PBXBuildFile; fileRef = E2E46046192BF97F005BAED9 /* libwebrtc_opus.a */; };
		E2E4606C192BF980005BAED9 /* libwebrtc_utility.a in Frameworks */ = {isa = PBXBuildFile; fileRef = E2E46047192BF980005BAED9 /* libwebrtc_utility.a */; };
		E2E4606D192BF980005BAED9 /* libwebrtc_video_coding.a in Frameworks */ = {isa = PBXBuildFile; fileRef = E2E46048192BF980005BAED9 /* libwebrtc_video_coding.a */; };
		E2E4606E192BF980005BAED9 /* libwebrtc_vp8.a in Frameworks */ = {isa = PBXBuildFile; fileRef = E2E46049192BF980005BAED9 /* libwebrtc_vp8.a */; };
		E2E4606F192BF9BD005BAED9 /* libhfcore_ios.a in Frameworks */ = {isa = PBXBuildFile; fileRef = 0063D8B416CB39C500E6DB4D /* libhfcore_ios.a */; };
		E2E460C4192C010C005BAED9 /* libopus.a in Frameworks */ = {isa = PBXBuildFile; fileRef = E2E460C1192C010C005BAED9 /* libopus.a */; };
		E2E460C5192C010C005BAED9 /* libyuv_neon.a in Frameworks */ = {isa = PBXBuildFile; fileRef = E2E460C2192C010C005BAED9 /* libyuv_neon.a */; };
		E2E460C6192C010C005BAED9 /* libyuv.a in Frameworks */ = {isa = PBXBuildFile; fileRef = E2E460C3192C010C005BAED9 /* libyuv.a */; };
		E2FD1DC41753A03B00C3D4A3 /* CoreImage.framework in Frameworks */ = {isa = PBXBuildFile; fileRef = E2506E53170DA55C005A43D2 /* CoreImage.framework */; };
		E2FD1DC51753A06100C3D4A3 /* MobileCoreServices.framework in Frameworks */ = {isa = PBXBuildFile; fileRef = E2506E4C170DA49E005A43D2 /* MobileCoreServices.framework */; };
/* End PBXBuildFile section */

/* Begin PBXContainerItemProxy section */
		0039C3F01AAD3A1300A8E9D0 /* PBXContainerItemProxy */ = {
			isa = PBXContainerItemProxy;
			containerPortal = 0063D8A316CB39B000E6DB4D /* hfservices_ios.xcodeproj */;
			proxyType = 2;
			remoteGlobalIDString = 0095DC1516CA8802005F53D3;
			remoteInfo = hfservices_ios;
		};
		0039C3F61AAD3A1300A8E9D0 /* PBXContainerItemProxy */ = {
			isa = PBXContainerItemProxy;
			containerPortal = 00CF4BF61A15BEF300573A34 /* idnkit_ios.xcodeproj */;
			proxyType = 2;
			remoteGlobalIDString = 00AA6DB11A15220000815878;
			remoteInfo = idnkit_ios;
		};
		0039C4021AAD3A1400A8E9D0 /* PBXContainerItemProxy */ = {
			isa = PBXContainerItemProxy;
			containerPortal = 0063D89116CB399600E6DB4D /* zsLib_ios.xcodeproj */;
			proxyType = 2;
			remoteGlobalIDString = 0066818216C9D64000259F81;
			remoteInfo = zsLib_ios;
		};
		0039C40A1AAD3A1400A8E9D0 /* PBXContainerItemProxy */ = {
			isa = PBXContainerItemProxy;
			containerPortal = 0063D89D16CB39A600E6DB4D /* cryptopp_ios.xcodeproj */;
			proxyType = 2;
			remoteGlobalIDString = 0066863A16C9F58000259F81;
			remoteInfo = cryptopp_ios;
		};
		0039C4341AAD3A1400A8E9D0 /* PBXContainerItemProxy */ = {
			isa = PBXContainerItemProxy;
			containerPortal = E2F35D19191D137F00089A18 /* webrtc_ios.xcodeproj */;
			proxyType = 2;
			remoteGlobalIDString = D9F32959024A3DE38441E273;
			remoteInfo = webrtc;
		};
		0039C44D1AAD3A1400A8E9D0 /* PBXContainerItemProxy */ = {
			isa = PBXContainerItemProxy;
			containerPortal = 0063D89716CB39A100E6DB4D /* udns_ios.xcodeproj */;
			proxyType = 2;
			remoteGlobalIDString = 0066824F16C9DA9200259F81;
			remoteInfo = udns_ios;
		};
		004B8DA0189C2BF300D4F6A8 /* PBXContainerItemProxy */ = {
			isa = PBXContainerItemProxy;
			containerPortal = 004A559B1839D84300AEF378 /* ortclib_ios.xcodeproj */;
			proxyType = 2;
			remoteGlobalIDString = E2260E731821628E0084E4A4;
			remoteInfo = ortclib_ios;
		};
		0063D8AD16CB39BD00E6DB4D /* PBXContainerItemProxy */ = {
			isa = PBXContainerItemProxy;
			containerPortal = 0063D8A916CB39BC00E6DB4D /* hfstack_ios.xcodeproj */;
			proxyType = 2;
			remoteGlobalIDString = 0063B94916CA91F000E6DB4D;
			remoteInfo = hfstack_ios;
		};
		0063D8B316CB39C500E6DB4D /* PBXContainerItemProxy */ = {
			isa = PBXContainerItemProxy;
			containerPortal = 0063D8AF16CB39C500E6DB4D /* hfcore_ios.xcodeproj */;
			proxyType = 2;
			remoteGlobalIDString = 0063BF4216CA9B2F00E6DB4D;
			remoteInfo = hfcore_ios;
		};
		0063D8B716CB3A9400E6DB4D /* PBXContainerItemProxy */ = {
			isa = PBXContainerItemProxy;
			containerPortal = 0063D8A916CB39BC00E6DB4D /* hfstack_ios.xcodeproj */;
			proxyType = 1;
			remoteGlobalIDString = 0063B94816CA91F000E6DB4D;
			remoteInfo = hfstack_ios;
		};
		0063D8B916CB3A9400E6DB4D /* PBXContainerItemProxy */ = {
			isa = PBXContainerItemProxy;
			containerPortal = 0063D8AF16CB39C500E6DB4D /* hfcore_ios.xcodeproj */;
			proxyType = 1;
			remoteGlobalIDString = 0063BF4116CA9B2F00E6DB4D;
			remoteInfo = hfcore_ios;
		};
		0092874F1AAD4CE60036394A /* PBXContainerItemProxy */ = {
			isa = PBXContainerItemProxy;
			containerPortal = 0063D8A316CB39B000E6DB4D /* hfservices_ios.xcodeproj */;
			proxyType = 1;
			remoteGlobalIDString = 0095DC1416CA8802005F53D3;
			remoteInfo = hfservices_ios;
		};
		009287511AAD4CE60036394A /* PBXContainerItemProxy */ = {
			isa = PBXContainerItemProxy;
			containerPortal = 0063D89D16CB39A600E6DB4D /* cryptopp_ios.xcodeproj */;
			proxyType = 1;
			remoteGlobalIDString = 0066863916C9F58000259F81;
			remoteInfo = cryptopp_ios;
		};
		009287531AAD4CE60036394A /* PBXContainerItemProxy */ = {
			isa = PBXContainerItemProxy;
			containerPortal = 00CF4BF61A15BEF300573A34 /* idnkit_ios.xcodeproj */;
			proxyType = 1;
			remoteGlobalIDString = 00AA6DB01A15220000815878;
			remoteInfo = idnkit_ios;
		};
		009287551AAD4CE60036394A /* PBXContainerItemProxy */ = {
			isa = PBXContainerItemProxy;
			containerPortal = 0063D89716CB39A100E6DB4D /* udns_ios.xcodeproj */;
			proxyType = 1;
			remoteGlobalIDString = 0066824E16C9DA9200259F81;
			remoteInfo = udns_ios;
		};
		009287571AAD4CE60036394A /* PBXContainerItemProxy */ = {
			isa = PBXContainerItemProxy;
			containerPortal = 0063D89116CB399600E6DB4D /* zsLib_ios.xcodeproj */;
			proxyType = 1;
			remoteGlobalIDString = 0066818116C9D64000259F81;
			remoteInfo = zsLib_ios;
		};
		0092875B1AAD4D160036394A /* PBXContainerItemProxy */ = {
			isa = PBXContainerItemProxy;
			containerPortal = 0063D8A316CB39B000E6DB4D /* hfservices_ios.xcodeproj */;
			proxyType = 1;
			remoteGlobalIDString = 0095DC1416CA8802005F53D3;
			remoteInfo = hfservices_ios;
		};
		0092875D1AAD4D160036394A /* PBXContainerItemProxy */ = {
			isa = PBXContainerItemProxy;
			containerPortal = 0063D89D16CB39A600E6DB4D /* cryptopp_ios.xcodeproj */;
			proxyType = 1;
			remoteGlobalIDString = 0066863916C9F58000259F81;
			remoteInfo = cryptopp_ios;
		};
		0092875F1AAD4D160036394A /* PBXContainerItemProxy */ = {
			isa = PBXContainerItemProxy;
			containerPortal = 00CF4BF61A15BEF300573A34 /* idnkit_ios.xcodeproj */;
			proxyType = 1;
			remoteGlobalIDString = 00AA6DB01A15220000815878;
			remoteInfo = idnkit_ios;
		};
		009287611AAD4D160036394A /* PBXContainerItemProxy */ = {
			isa = PBXContainerItemProxy;
			containerPortal = 0063D89716CB39A100E6DB4D /* udns_ios.xcodeproj */;
			proxyType = 1;
			remoteGlobalIDString = 0066824E16C9DA9200259F81;
			remoteInfo = udns_ios;
		};
		009287631AAD4D160036394A /* PBXContainerItemProxy */ = {
			isa = PBXContainerItemProxy;
			containerPortal = 0063D89116CB399600E6DB4D /* zsLib_ios.xcodeproj */;
			proxyType = 1;
			remoteGlobalIDString = 0066818116C9D64000259F81;
			remoteInfo = zsLib_ios;
		};
		00CF4C131A15C50900573A34 /* PBXContainerItemProxy */ = {
			isa = PBXContainerItemProxy;
			containerPortal = 004A559B1839D84300AEF378 /* ortclib_ios.xcodeproj */;
			proxyType = 1;
			remoteGlobalIDString = E2260E721821628E0084E4A4;
			remoteInfo = ortclib_ios;
		};
		00CF4C171A15C53500573A34 /* PBXContainerItemProxy */ = {
			isa = PBXContainerItemProxy;
			containerPortal = 004A559B1839D84300AEF378 /* ortclib_ios.xcodeproj */;
			proxyType = 1;
			remoteGlobalIDString = E2260E721821628E0084E4A4;
			remoteInfo = ortclib_ios;
		};
		E2437EE716CBD62200441ABD /* PBXContainerItemProxy */ = {
			isa = PBXContainerItemProxy;
			containerPortal = 0063D8AF16CB39C500E6DB4D /* hfcore_ios.xcodeproj */;
			proxyType = 1;
			remoteGlobalIDString = 0063BF4116CA9B2F00E6DB4D;
			remoteInfo = hfcore_ios;
		};
		E2437EE916CBD62200441ABD /* PBXContainerItemProxy */ = {
			isa = PBXContainerItemProxy;
			containerPortal = 0063D8A916CB39BC00E6DB4D /* hfstack_ios.xcodeproj */;
			proxyType = 1;
			remoteGlobalIDString = 0063B94816CA91F000E6DB4D;
			remoteInfo = hfstack_ios;
		};
		E27A75651A40A9C0000A3D5C /* PBXContainerItemProxy */ = {
			isa = PBXContainerItemProxy;
			containerPortal = E27A75611A40A9BF000A3D5C /* easysqlite_ios.xcodeproj */;
			proxyType = 2;
			remoteGlobalIDString = 004B220C1A10793F00239AAC;
			remoteInfo = easysqlite_ios;
		};
		E27A75691A40A9DE000A3D5C /* PBXContainerItemProxy */ = {
			isa = PBXContainerItemProxy;
			containerPortal = E27A75611A40A9BF000A3D5C /* easysqlite_ios.xcodeproj */;
			proxyType = 1;
			remoteGlobalIDString = 004B220B1A10793F00239AAC;
			remoteInfo = easysqlite_ios;
		};
		E27A756B1A40A9E8000A3D5C /* PBXContainerItemProxy */ = {
			isa = PBXContainerItemProxy;
			containerPortal = E27A75611A40A9BF000A3D5C /* easysqlite_ios.xcodeproj */;
			proxyType = 1;
			remoteGlobalIDString = 004B220B1A10793F00239AAC;
			remoteInfo = easysqlite_ios;
		};
/* End PBXContainerItemProxy section */

/* Begin PBXFileReference section */
		0012C515177CE1E70017FF5E /* libz.dylib */ = {isa = PBXFileReference; lastKnownFileType = "compiled.mach-o.dylib"; name = libz.dylib; path = usr/lib/libz.dylib; sourceTree = SDKROOT; };
		00243921178F473500B79368 /* Security.framework */ = {isa = PBXFileReference; lastKnownFileType = wrapper.framework; name = Security.framework; path = System/Library/Frameworks/Security.framework; sourceTree = SDKROOT; };
		004A559B1839D84300AEF378 /* ortclib_ios.xcodeproj */ = {isa = PBXFileReference; lastKnownFileType = "wrapper.pb-project"; name = ortclib_ios.xcodeproj; path = "../../../../ortc-lib/projects/xcode/ortclib_ios/ortclib_ios.xcodeproj"; sourceTree = "<group>"; };
		0063D5D216CB35D700E6DB4D /* hfcoreTest_ios.app */ = {isa = PBXFileReference; explicitFileType = wrapper.application; includeInIndex = 0; path = hfcoreTest_ios.app; sourceTree = BUILT_PRODUCTS_DIR; };
		0063D5D516CB35D700E6DB4D /* UIKit.framework */ = {isa = PBXFileReference; lastKnownFileType = wrapper.framework; name = UIKit.framework; path = System/Library/Frameworks/UIKit.framework; sourceTree = SDKROOT; };
		0063D5D716CB35D700E6DB4D /* Foundation.framework */ = {isa = PBXFileReference; lastKnownFileType = wrapper.framework; name = Foundation.framework; path = System/Library/Frameworks/Foundation.framework; sourceTree = SDKROOT; };
		0063D5D916CB35D700E6DB4D /* CoreGraphics.framework */ = {isa = PBXFileReference; lastKnownFileType = wrapper.framework; name = CoreGraphics.framework; path = System/Library/Frameworks/CoreGraphics.framework; sourceTree = SDKROOT; };
		0063D5DD16CB35D800E6DB4D /* hfcoreTest_ios-Info.plist */ = {isa = PBXFileReference; lastKnownFileType = text.plist.xml; path = "hfcoreTest_ios-Info.plist"; sourceTree = "<group>"; };
		0063D5DF16CB35D800E6DB4D /* en */ = {isa = PBXFileReference; lastKnownFileType = text.plist.strings; name = en; path = en.lproj/InfoPlist.strings; sourceTree = "<group>"; };
		0063D5E116CB35D800E6DB4D /* main.m */ = {isa = PBXFileReference; lastKnownFileType = sourcecode.c.objc; path = main.m; sourceTree = "<group>"; };
		0063D5E316CB35D800E6DB4D /* hfcoreTest_ios-Prefix.pch */ = {isa = PBXFileReference; lastKnownFileType = sourcecode.c.h; path = "hfcoreTest_ios-Prefix.pch"; sourceTree = "<group>"; };
		0063D5E416CB35D800E6DB4D /* AppDelegate.h */ = {isa = PBXFileReference; lastKnownFileType = sourcecode.c.h; path = AppDelegate.h; sourceTree = "<group>"; };
		0063D5E516CB35D800E6DB4D /* AppDelegate.m */ = {isa = PBXFileReference; lastKnownFileType = sourcecode.c.objc; path = AppDelegate.m; sourceTree = "<group>"; };
		0063D5E716CB35D800E6DB4D /* Default.png */ = {isa = PBXFileReference; lastKnownFileType = image.png; path = Default.png; sourceTree = "<group>"; };
		0063D5E916CB35D800E6DB4D /* Default@2x.png */ = {isa = PBXFileReference; lastKnownFileType = image.png; path = "Default@2x.png"; sourceTree = "<group>"; };
		0063D5EB16CB35D800E6DB4D /* Default-568h@2x.png */ = {isa = PBXFileReference; lastKnownFileType = image.png; path = "Default-568h@2x.png"; sourceTree = "<group>"; };
		0063D5ED16CB35D800E6DB4D /* MasterViewController.h */ = {isa = PBXFileReference; lastKnownFileType = sourcecode.c.h; path = MasterViewController.h; sourceTree = "<group>"; };
		0063D5EE16CB35D800E6DB4D /* MasterViewController.m */ = {isa = PBXFileReference; lastKnownFileType = sourcecode.c.objc; path = MasterViewController.m; sourceTree = "<group>"; };
		0063D5F016CB35D800E6DB4D /* DetailViewController.h */ = {isa = PBXFileReference; lastKnownFileType = sourcecode.c.h; path = DetailViewController.h; sourceTree = "<group>"; };
		0063D5F116CB35D800E6DB4D /* DetailViewController.m */ = {isa = PBXFileReference; lastKnownFileType = sourcecode.c.objc; path = DetailViewController.m; sourceTree = "<group>"; };
		0063D5F416CB35D800E6DB4D /* en */ = {isa = PBXFileReference; lastKnownFileType = file.xib; name = en; path = en.lproj/MasterViewController_iPhone.xib; sourceTree = "<group>"; };
		0063D5F716CB35D800E6DB4D /* en */ = {isa = PBXFileReference; lastKnownFileType = file.xib; name = en; path = en.lproj/MasterViewController_iPad.xib; sourceTree = "<group>"; };
		0063D5FA16CB35D800E6DB4D /* en */ = {isa = PBXFileReference; lastKnownFileType = file.xib; name = en; path = en.lproj/DetailViewController_iPhone.xib; sourceTree = "<group>"; };
		0063D5FD16CB35D800E6DB4D /* en */ = {isa = PBXFileReference; lastKnownFileType = file.xib; name = en; path = en.lproj/DetailViewController_iPad.xib; sourceTree = "<group>"; };
		0063D63A16CB362300E6DB4D /* testing.cpp */ = {isa = PBXFileReference; fileEncoding = 4; lastKnownFileType = sourcecode.cpp.cpp; path = testing.cpp; sourceTree = "<group>"; };
		0063D63B16CB362300E6DB4D /* testing.h */ = {isa = PBXFileReference; fileEncoding = 4; lastKnownFileType = sourcecode.c.h; lineEnding = 0; path = testing.h; sourceTree = "<group>"; xcLanguageSpecificationIdentifier = xcode.lang.objcpp; };
		0063D63C16CB362300E6DB4D /* config.h */ = {isa = PBXFileReference; fileEncoding = 4; lastKnownFileType = sourcecode.c.h; path = config.h; sourceTree = "<group>"; };
		0063D63D16CB362300E6DB4D /* desktop_FakeGUI.cpp */ = {isa = PBXFileReference; fileEncoding = 4; lastKnownFileType = sourcecode.cpp.cpp; lineEnding = 0; path = desktop_FakeGUI.cpp; sourceTree = "<group>"; xcLanguageSpecificationIdentifier = xcode.lang.cpp; };
		0063D63E16CB362300E6DB4D /* desktop_FakeGUI.h */ = {isa = PBXFileReference; fileEncoding = 4; lastKnownFileType = sourcecode.c.h; path = desktop_FakeGUI.h; sourceTree = "<group>"; };
		0063D63F16CB362300E6DB4D /* main.cpp */ = {isa = PBXFileReference; fileEncoding = 4; lastKnownFileType = sourcecode.cpp.cpp; path = main.cpp; sourceTree = "<group>"; };
		0063D88C16CB38FE00E6DB4D /* libcurl.a */ = {isa = PBXFileReference; lastKnownFileType = archive.ar; name = libcurl.a; path = "../../../../curl/curl/ios-appstore/lib/libcurl.a"; sourceTree = SOURCE_ROOT; };
		0063D89116CB399600E6DB4D /* zsLib_ios.xcodeproj */ = {isa = PBXFileReference; lastKnownFileType = "wrapper.pb-project"; name = zsLib_ios.xcodeproj; path = ../../../../zsLib/projects/xcode/zsLib_ios/zsLib_ios.xcodeproj; sourceTree = "<group>"; };
		0063D89716CB39A100E6DB4D /* udns_ios.xcodeproj */ = {isa = PBXFileReference; lastKnownFileType = "wrapper.pb-project"; name = udns_ios.xcodeproj; path = ../../../../udns/projects/xcode/udns_ios/udns_ios.xcodeproj; sourceTree = "<group>"; };
		0063D89D16CB39A600E6DB4D /* cryptopp_ios.xcodeproj */ = {isa = PBXFileReference; lastKnownFileType = "wrapper.pb-project"; name = cryptopp_ios.xcodeproj; path = ../../../../cryptopp/projects/xcode/cryptopp_ios/cryptopp_ios.xcodeproj; sourceTree = "<group>"; };
		0063D8A316CB39B000E6DB4D /* hfservices_ios.xcodeproj */ = {isa = PBXFileReference; lastKnownFileType = "wrapper.pb-project"; name = hfservices_ios.xcodeproj; path = "../../../../op-services-cpp/projects/xcode/hfservices_ios/hfservices_ios.xcodeproj"; sourceTree = "<group>"; };
		0063D8A916CB39BC00E6DB4D /* hfstack_ios.xcodeproj */ = {isa = PBXFileReference; lastKnownFileType = "wrapper.pb-project"; name = hfstack_ios.xcodeproj; path = "../../../../op-stack-cpp/projects/xcode/hfstack_ios/hfstack_ios.xcodeproj"; sourceTree = "<group>"; };
		0063D8AF16CB39C500E6DB4D /* hfcore_ios.xcodeproj */ = {isa = PBXFileReference; lastKnownFileType = "wrapper.pb-project"; name = hfcore_ios.xcodeproj; path = ../hfcore_ios/hfcore_ios.xcodeproj; sourceTree = "<group>"; };
		0063DA0C16CB487400E6DB4D /* CoreAudio.framework */ = {isa = PBXFileReference; lastKnownFileType = wrapper.framework; name = CoreAudio.framework; path = System/Library/Frameworks/CoreAudio.framework; sourceTree = SDKROOT; };
		0063DA0E16CB488200E6DB4D /* CoreFoundation.framework */ = {isa = PBXFileReference; lastKnownFileType = wrapper.framework; name = CoreFoundation.framework; path = System/Library/Frameworks/CoreFoundation.framework; sourceTree = SDKROOT; };
		0063DA1016CB488D00E6DB4D /* AudioToolbox.framework */ = {isa = PBXFileReference; lastKnownFileType = wrapper.framework; name = AudioToolbox.framework; path = System/Library/Frameworks/AudioToolbox.framework; sourceTree = SDKROOT; };
		0063DA1216CB48A400E6DB4D /* CoreVideo.framework */ = {isa = PBXFileReference; lastKnownFileType = wrapper.framework; name = CoreVideo.framework; path = System/Library/Frameworks/CoreVideo.framework; sourceTree = SDKROOT; };
		0063DA1616CB4A0F00E6DB4D /* AVFoundation.framework */ = {isa = PBXFileReference; lastKnownFileType = wrapper.framework; name = AVFoundation.framework; path = System/Library/Frameworks/AVFoundation.framework; sourceTree = SDKROOT; };
		0063DA1816CB4A8200E6DB4D /* CoreMedia.framework */ = {isa = PBXFileReference; lastKnownFileType = wrapper.framework; name = CoreMedia.framework; path = System/Library/Frameworks/CoreMedia.framework; sourceTree = SDKROOT; };
		009286D61AAD478D0036394A /* libresolv.9.dylib */ = {isa = PBXFileReference; lastKnownFileType = "compiled.mach-o.dylib"; name = libresolv.9.dylib; path = usr/lib/libresolv.9.dylib; sourceTree = SDKROOT; };
		00CF4BF61A15BEF300573A34 /* idnkit_ios.xcodeproj */ = {isa = PBXFileReference; lastKnownFileType = "wrapper.pb-project"; name = idnkit_ios.xcodeproj; path = ../../../../idnkit/projects/xcode/idnkit_ios.xcodeproj; sourceTree = "<group>"; };
		E22F931716CE78E600AB0A9E /* TestMediaEngine.cpp */ = {isa = PBXFileReference; fileEncoding = 4; lastKnownFileType = sourcecode.cpp.cpp; path = TestMediaEngine.cpp; sourceTree = "<group>"; };
		E22F931816CE78E600AB0A9E /* TestMediaEngine.h */ = {isa = PBXFileReference; fileEncoding = 4; lastKnownFileType = sourcecode.c.h; path = TestMediaEngine.h; sourceTree = "<group>"; };
		E2437F4516CBD62200441ABD /* hfcoreMediaTest_ios.app */ = {isa = PBXFileReference; explicitFileType = wrapper.application; includeInIndex = 0; path = hfcoreMediaTest_ios.app; sourceTree = BUILT_PRODUCTS_DIR; };
		E243806116CBD91900441ABD /* AppDelegate.h */ = {isa = PBXFileReference; fileEncoding = 4; lastKnownFileType = sourcecode.c.h; name = AppDelegate.h; path = hfcoreMediaTest_ios/AppDelegate.h; sourceTree = "<group>"; };
		E243806216CBD91900441ABD /* AppDelegate.mm */ = {isa = PBXFileReference; fileEncoding = 4; lastKnownFileType = sourcecode.cpp.objcpp; name = AppDelegate.mm; path = hfcoreMediaTest_ios/AppDelegate.mm; sourceTree = "<group>"; };
		E243806316CBD91900441ABD /* MediaEngineDelegateWrapper.h */ = {isa = PBXFileReference; fileEncoding = 4; lastKnownFileType = sourcecode.c.h; name = MediaEngineDelegateWrapper.h; path = hfcoreMediaTest_ios/MediaEngineDelegateWrapper.h; sourceTree = "<group>"; };
		E243806416CBD91900441ABD /* MediaEngineDelegateWrapper.mm */ = {isa = PBXFileReference; fileEncoding = 4; lastKnownFileType = sourcecode.cpp.objcpp; name = MediaEngineDelegateWrapper.mm; path = hfcoreMediaTest_ios/MediaEngineDelegateWrapper.mm; sourceTree = "<group>"; };
		E243806516CBD91900441ABD /* ViewController.h */ = {isa = PBXFileReference; fileEncoding = 4; lastKnownFileType = sourcecode.c.h; name = ViewController.h; path = hfcoreMediaTest_ios/ViewController.h; sourceTree = "<group>"; };
		E243806616CBD91900441ABD /* ViewController.mm */ = {isa = PBXFileReference; fileEncoding = 4; lastKnownFileType = sourcecode.cpp.objcpp; name = ViewController.mm; path = hfcoreMediaTest_ios/ViewController.mm; sourceTree = "<group>"; };
		E243806B16CBD93000441ABD /* en */ = {isa = PBXFileReference; lastKnownFileType = file.xib; name = en; path = hfcoreMediaTest_ios/en.lproj/ViewController.xib; sourceTree = "<group>"; };
		E243806D16CBD95400441ABD /* hfcoreMediaTest_ios-Info.plist */ = {isa = PBXFileReference; fileEncoding = 4; lastKnownFileType = text.plist.xml; name = "hfcoreMediaTest_ios-Info.plist"; path = "hfcoreMediaTest_ios/hfcoreMediaTest_ios-Info.plist"; sourceTree = "<group>"; };
		E243806E16CBD95400441ABD /* hfcoreMediaTest_ios-Prefix.pch */ = {isa = PBXFileReference; fileEncoding = 4; lastKnownFileType = sourcecode.c.h; name = "hfcoreMediaTest_ios-Prefix.pch"; path = "hfcoreMediaTest_ios/hfcoreMediaTest_ios-Prefix.pch"; sourceTree = "<group>"; };
		E243806F16CBD95400441ABD /* main.m */ = {isa = PBXFileReference; fileEncoding = 4; lastKnownFileType = sourcecode.c.objc; name = main.m; path = hfcoreMediaTest_ios/main.m; sourceTree = "<group>"; };
		E243807316CBD96A00441ABD /* en */ = {isa = PBXFileReference; lastKnownFileType = text.plist.strings; name = en; path = hfcoreMediaTest_ios/en.lproj/InfoPlist.strings; sourceTree = "<group>"; };
		E2506E4C170DA49E005A43D2 /* MobileCoreServices.framework */ = {isa = PBXFileReference; lastKnownFileType = wrapper.framework; name = MobileCoreServices.framework; path = System/Library/Frameworks/MobileCoreServices.framework; sourceTree = SDKROOT; };
		E2506E53170DA55C005A43D2 /* CoreImage.framework */ = {isa = PBXFileReference; lastKnownFileType = wrapper.framework; name = CoreImage.framework; path = System/Library/Frameworks/CoreImage.framework; sourceTree = SDKROOT; };
		E2506E55170DA584005A43D2 /* AssetsLibrary.framework */ = {isa = PBXFileReference; lastKnownFileType = wrapper.framework; name = AssetsLibrary.framework; path = System/Library/Frameworks/AssetsLibrary.framework; sourceTree = SDKROOT; };
		E27A75611A40A9BF000A3D5C /* easysqlite_ios.xcodeproj */ = {isa = PBXFileReference; lastKnownFileType = "wrapper.pb-project"; name = easysqlite_ios.xcodeproj; path = ../../../../easysqlite/projects/xcode/easysqlite_ios.xcodeproj; sourceTree = "<group>"; };
		E2E46018192BF7EC005BAED9 /* librbe_components.a */ = {isa = PBXFileReference; lastKnownFileType = archive.ar; path = librbe_components.a; sourceTree = BUILT_PRODUCTS_DIR; };
		E2E4601B192BF820005BAED9 /* libacm2.a */ = {isa = PBXFileReference; lastKnownFileType = archive.ar; path = libacm2.a; sourceTree = BUILT_PRODUCTS_DIR; };
		E2E46025192BF979005BAED9 /* libaudio_coding_module.a */ = {isa = PBXFileReference; lastKnownFileType = archive.ar; path = libaudio_coding_module.a; sourceTree = BUILT_PRODUCTS_DIR; };
		E2E46026192BF979005BAED9 /* libaudio_conference_mixer.a */ = {isa = PBXFileReference; lastKnownFileType = archive.ar; path = libaudio_conference_mixer.a; sourceTree = BUILT_PRODUCTS_DIR; };
		E2E46027192BF979005BAED9 /* libaudio_device.a */ = {isa = PBXFileReference; lastKnownFileType = archive.ar; path = libaudio_device.a; sourceTree = BUILT_PRODUCTS_DIR; };
		E2E46028192BF979005BAED9 /* libaudio_processing_neon.a */ = {isa = PBXFileReference; lastKnownFileType = archive.ar; path = libaudio_processing_neon.a; sourceTree = BUILT_PRODUCTS_DIR; };
		E2E46029192BF979005BAED9 /* libaudio_processing.a */ = {isa = PBXFileReference; lastKnownFileType = archive.ar; path = libaudio_processing.a; sourceTree = BUILT_PRODUCTS_DIR; };
		E2E4602A192BF97A005BAED9 /* libbitrate_controller.a */ = {isa = PBXFileReference; lastKnownFileType = archive.ar; path = libbitrate_controller.a; sourceTree = BUILT_PRODUCTS_DIR; };
		E2E4602B192BF97A005BAED9 /* libchannel_transport.a */ = {isa = PBXFileReference; lastKnownFileType = archive.ar; path = libchannel_transport.a; sourceTree = BUILT_PRODUCTS_DIR; };
		E2E4602C192BF97A005BAED9 /* libCNG.a */ = {isa = PBXFileReference; lastKnownFileType = archive.ar; path = libCNG.a; sourceTree = BUILT_PRODUCTS_DIR; };
		E2E4602D192BF97A005BAED9 /* libcommon_audio_neon.a */ = {isa = PBXFileReference; lastKnownFileType = archive.ar; path = libcommon_audio_neon.a; sourceTree = BUILT_PRODUCTS_DIR; };
		E2E4602E192BF97A005BAED9 /* libcommon_audio.a */ = {isa = PBXFileReference; lastKnownFileType = archive.ar; path = libcommon_audio.a; sourceTree = BUILT_PRODUCTS_DIR; };
		E2E4602F192BF97B005BAED9 /* libcommon_video.a */ = {isa = PBXFileReference; lastKnownFileType = archive.ar; path = libcommon_video.a; sourceTree = BUILT_PRODUCTS_DIR; };
		E2E46030192BF97B005BAED9 /* libG711.a */ = {isa = PBXFileReference; lastKnownFileType = archive.ar; path = libG711.a; sourceTree = BUILT_PRODUCTS_DIR; };
		E2E46031192BF97B005BAED9 /* libG722.a */ = {isa = PBXFileReference; lastKnownFileType = archive.ar; path = libG722.a; sourceTree = BUILT_PRODUCTS_DIR; };
		E2E46032192BF97B005BAED9 /* libiLBC.a */ = {isa = PBXFileReference; lastKnownFileType = archive.ar; path = libiLBC.a; sourceTree = BUILT_PRODUCTS_DIR; };
		E2E46033192BF97B005BAED9 /* libisac_neon.a */ = {isa = PBXFileReference; lastKnownFileType = archive.ar; path = libisac_neon.a; sourceTree = BUILT_PRODUCTS_DIR; };
		E2E46034192BF97C005BAED9 /* libiSAC.a */ = {isa = PBXFileReference; lastKnownFileType = archive.ar; path = libiSAC.a; sourceTree = BUILT_PRODUCTS_DIR; };
		E2E46035192BF97C005BAED9 /* libiSACFix.a */ = {isa = PBXFileReference; lastKnownFileType = archive.ar; path = libiSACFix.a; sourceTree = BUILT_PRODUCTS_DIR; };
		E2E46036192BF97C005BAED9 /* libmedia_file.a */ = {isa = PBXFileReference; lastKnownFileType = archive.ar; path = libmedia_file.a; sourceTree = BUILT_PRODUCTS_DIR; };
		E2E46037192BF97C005BAED9 /* libNetEq.a */ = {isa = PBXFileReference; lastKnownFileType = archive.ar; path = libNetEq.a; sourceTree = BUILT_PRODUCTS_DIR; };
		E2E46038192BF97C005BAED9 /* libNetEq4.a */ = {isa = PBXFileReference; lastKnownFileType = archive.ar; path = libNetEq4.a; sourceTree = BUILT_PRODUCTS_DIR; };
		E2E46039192BF97D005BAED9 /* libpaced_sender.a */ = {isa = PBXFileReference; lastKnownFileType = archive.ar; path = libpaced_sender.a; sourceTree = BUILT_PRODUCTS_DIR; };
		E2E4603A192BF97D005BAED9 /* libPCM16B.a */ = {isa = PBXFileReference; lastKnownFileType = archive.ar; path = libPCM16B.a; sourceTree = BUILT_PRODUCTS_DIR; };
		E2E4603B192BF97D005BAED9 /* libremote_bitrate_estimator.a */ = {isa = PBXFileReference; lastKnownFileType = archive.ar; path = libremote_bitrate_estimator.a; sourceTree = BUILT_PRODUCTS_DIR; };
		E2E4603C192BF97D005BAED9 /* librtp_rtcp.a */ = {isa = PBXFileReference; lastKnownFileType = archive.ar; path = librtp_rtcp.a; sourceTree = BUILT_PRODUCTS_DIR; };
		E2E4603D192BF97D005BAED9 /* libsystem_wrappers.a */ = {isa = PBXFileReference; lastKnownFileType = archive.ar; path = libsystem_wrappers.a; sourceTree = BUILT_PRODUCTS_DIR; };
		E2E4603E192BF97E005BAED9 /* libvideo_capture_module.a */ = {isa = PBXFileReference; lastKnownFileType = archive.ar; path = libvideo_capture_module.a; sourceTree = BUILT_PRODUCTS_DIR; };
		E2E4603F192BF97E005BAED9 /* libvideo_coding_utility.a */ = {isa = PBXFileReference; lastKnownFileType = archive.ar; path = libvideo_coding_utility.a; sourceTree = BUILT_PRODUCTS_DIR; };
		E2E46040192BF97E005BAED9 /* libvideo_engine_core.a */ = {isa = PBXFileReference; lastKnownFileType = archive.ar; path = libvideo_engine_core.a; sourceTree = BUILT_PRODUCTS_DIR; };
		E2E46041192BF97E005BAED9 /* libvideo_processing.a */ = {isa = PBXFileReference; lastKnownFileType = archive.ar; path = libvideo_processing.a; sourceTree = BUILT_PRODUCTS_DIR; };
		E2E46042192BF97E005BAED9 /* libvideo_render_module.a */ = {isa = PBXFileReference; lastKnownFileType = archive.ar; path = libvideo_render_module.a; sourceTree = BUILT_PRODUCTS_DIR; };
		E2E46043192BF97F005BAED9 /* libvoice_engine.a */ = {isa = PBXFileReference; lastKnownFileType = archive.ar; path = libvoice_engine.a; sourceTree = BUILT_PRODUCTS_DIR; };
		E2E46044192BF97F005BAED9 /* libvpx.a */ = {isa = PBXFileReference; lastKnownFileType = archive.ar; path = libvpx.a; sourceTree = BUILT_PRODUCTS_DIR; };
		E2E46045192BF97F005BAED9 /* libwebrtc_i420.a */ = {isa = PBXFileReference; lastKnownFileType = archive.ar; path = libwebrtc_i420.a; sourceTree = BUILT_PRODUCTS_DIR; };
		E2E46046192BF97F005BAED9 /* libwebrtc_opus.a */ = {isa = PBXFileReference; lastKnownFileType = archive.ar; path = libwebrtc_opus.a; sourceTree = BUILT_PRODUCTS_DIR; };
		E2E46047192BF980005BAED9 /* libwebrtc_utility.a */ = {isa = PBXFileReference; lastKnownFileType = archive.ar; path = libwebrtc_utility.a; sourceTree = BUILT_PRODUCTS_DIR; };
		E2E46048192BF980005BAED9 /* libwebrtc_video_coding.a */ = {isa = PBXFileReference; lastKnownFileType = archive.ar; path = libwebrtc_video_coding.a; sourceTree = BUILT_PRODUCTS_DIR; };
		E2E46049192BF980005BAED9 /* libwebrtc_vp8.a */ = {isa = PBXFileReference; lastKnownFileType = archive.ar; path = libwebrtc_vp8.a; sourceTree = BUILT_PRODUCTS_DIR; };
		E2E460C1192C010C005BAED9 /* libopus.a */ = {isa = PBXFileReference; lastKnownFileType = archive.ar; path = libopus.a; sourceTree = BUILT_PRODUCTS_DIR; };
		E2E460C2192C010C005BAED9 /* libyuv_neon.a */ = {isa = PBXFileReference; lastKnownFileType = archive.ar; path = libyuv_neon.a; sourceTree = BUILT_PRODUCTS_DIR; };
		E2E460C3192C010C005BAED9 /* libyuv.a */ = {isa = PBXFileReference; lastKnownFileType = archive.ar; path = libyuv.a; sourceTree = BUILT_PRODUCTS_DIR; };
		E2F35D19191D137F00089A18 /* webrtc_ios.xcodeproj */ = {isa = PBXFileReference; lastKnownFileType = "wrapper.pb-project"; name = webrtc_ios.xcodeproj; path = ../../../../webrtc/webrtc/webrtc_ios.xcodeproj; sourceTree = "<group>"; };
/* End PBXFileReference section */

/* Begin PBXFrameworksBuildPhase section */
		0063D5CF16CB35D700E6DB4D /* Frameworks */ = {
			isa = PBXFrameworksBuildPhase;
			buildActionMask = 2147483647;
			files = (
				009287691AAD4D790036394A /* libcryptopp_ios.a in Frameworks */,
				0092876A1AAD4D790036394A /* libeasysqlite_ios.a in Frameworks */,
				0092876B1AAD4D790036394A /* libhfcore_ios.a in Frameworks */,
				0092876C1AAD4D790036394A /* libhfservices_ios.a in Frameworks */,
				009286D71AAD478D0036394A /* libresolv.9.dylib in Frameworks */,
				002F74AD1839BD3A00581FA7 /* libz.dylib in Frameworks */,
				0063D89016CB38FE00E6DB4D /* libcurl.a in Frameworks */,
				002F74AC1839BD1700581FA7 /* AssetsLibrary.framework in Frameworks */,
				0063DA1116CB488D00E6DB4D /* AudioToolbox.framework in Frameworks */,
				0063DA1716CB4A0F00E6DB4D /* AVFoundation.framework in Frameworks */,
				0063DA0D16CB487400E6DB4D /* CoreAudio.framework in Frameworks */,
				E2FD1DC41753A03B00C3D4A3 /* CoreImage.framework in Frameworks */,
				0063DA0F16CB488200E6DB4D /* CoreFoundation.framework in Frameworks */,
				0063D5DA16CB35D800E6DB4D /* CoreGraphics.framework in Frameworks */,
				0063DA1916CB4A8200E6DB4D /* CoreMedia.framework in Frameworks */,
				0063DA1316CB48A400E6DB4D /* CoreVideo.framework in Frameworks */,
				0063D5D816CB35D700E6DB4D /* Foundation.framework in Frameworks */,
				E2FD1DC51753A06100C3D4A3 /* MobileCoreServices.framework in Frameworks */,
				00243922178F473500B79368 /* Security.framework in Frameworks */,
				0063D5D616CB35D700E6DB4D /* UIKit.framework in Frameworks */,
			);
			runOnlyForDeploymentPostprocessing = 0;
		};
		E2437EFA16CBD62200441ABD /* Frameworks */ = {
			isa = PBXFrameworksBuildPhase;
			buildActionMask = 2147483647;
			files = (
				001842961AAD4F2F00428551 /* libcryptopp_ios.a in Frameworks */,
				001842931AAD4EF300428551 /* libortclib_ios.a in Frameworks */,
				001842921AAD4EEA00428551 /* libhfservices_ios.a in Frameworks */,
				001842911AAD4EE100428551 /* libidnkit_ios.a in Frameworks */,
				001842901AAD4ED300428551 /* libudns_ios.a in Frameworks */,
				001842881AAD4E9F00428551 /* libzsLib_ios.a in Frameworks */,
				E27A756E1A40AA0B000A3D5C /* libeasysqlite_ios.a in Frameworks */,
				E2E460C4192C010C005BAED9 /* libopus.a in Frameworks */,
				E2E460C5192C010C005BAED9 /* libyuv_neon.a in Frameworks */,
				E2E460C6192C010C005BAED9 /* libyuv.a in Frameworks */,
				E2E4604A192BF980005BAED9 /* libaudio_coding_module.a in Frameworks */,
				E2E4604B192BF980005BAED9 /* libaudio_conference_mixer.a in Frameworks */,
				E2E4604C192BF980005BAED9 /* libaudio_device.a in Frameworks */,
				E2E4604D192BF980005BAED9 /* libaudio_processing_neon.a in Frameworks */,
				E2E4604E192BF980005BAED9 /* libaudio_processing.a in Frameworks */,
				E2E4604F192BF980005BAED9 /* libbitrate_controller.a in Frameworks */,
				E2E46050192BF980005BAED9 /* libchannel_transport.a in Frameworks */,
				E2E46051192BF980005BAED9 /* libCNG.a in Frameworks */,
				E2E46052192BF980005BAED9 /* libcommon_audio_neon.a in Frameworks */,
				E2E46053192BF980005BAED9 /* libcommon_audio.a in Frameworks */,
				E2E46054192BF980005BAED9 /* libcommon_video.a in Frameworks */,
				E2E46055192BF980005BAED9 /* libG711.a in Frameworks */,
				E2E46056192BF980005BAED9 /* libG722.a in Frameworks */,
				E2E46057192BF980005BAED9 /* libiLBC.a in Frameworks */,
				E2E46058192BF980005BAED9 /* libisac_neon.a in Frameworks */,
				E2E46059192BF980005BAED9 /* libiSAC.a in Frameworks */,
				E2E4605A192BF980005BAED9 /* libiSACFix.a in Frameworks */,
				E2E4605B192BF980005BAED9 /* libmedia_file.a in Frameworks */,
				E2E4605C192BF980005BAED9 /* libNetEq.a in Frameworks */,
				E2E4605D192BF980005BAED9 /* libNetEq4.a in Frameworks */,
				E2E4605E192BF980005BAED9 /* libpaced_sender.a in Frameworks */,
				E2E4605F192BF980005BAED9 /* libPCM16B.a in Frameworks */,
				E2E46060192BF980005BAED9 /* libremote_bitrate_estimator.a in Frameworks */,
				E2E46061192BF980005BAED9 /* librtp_rtcp.a in Frameworks */,
				E2E46062192BF980005BAED9 /* libsystem_wrappers.a in Frameworks */,
				E2E46063192BF980005BAED9 /* libvideo_capture_module.a in Frameworks */,
				E2E46064192BF980005BAED9 /* libvideo_coding_utility.a in Frameworks */,
				E2E46065192BF980005BAED9 /* libvideo_engine_core.a in Frameworks */,
				E2E46066192BF980005BAED9 /* libvideo_processing.a in Frameworks */,
				E2E46067192BF980005BAED9 /* libvideo_render_module.a in Frameworks */,
				E2E46068192BF980005BAED9 /* libvoice_engine.a in Frameworks */,
				E2E46069192BF980005BAED9 /* libvpx.a in Frameworks */,
				E2E4606A192BF980005BAED9 /* libwebrtc_i420.a in Frameworks */,
				E2E4606B192BF980005BAED9 /* libwebrtc_opus.a in Frameworks */,
				E2E4606C192BF980005BAED9 /* libwebrtc_utility.a in Frameworks */,
				E2E4606D192BF980005BAED9 /* libwebrtc_video_coding.a in Frameworks */,
				E2E4606E192BF980005BAED9 /* libwebrtc_vp8.a in Frameworks */,
				E2E46022192BF978005BAED9 /* libacm2.a in Frameworks */,
				E2E46023192BF978005BAED9 /* librbe_components.a in Frameworks */,
				E2E4606F192BF9BD005BAED9 /* libhfcore_ios.a in Frameworks */,
				E2437F2716CBD62200441ABD /* libhfstack_ios.a in Frameworks */,
				0012C516177CE1E80017FF5E /* libz.dylib in Frameworks */,
				E2437F2F16CBD62200441ABD /* libcurl.a in Frameworks */,
				E2506E56170DA584005A43D2 /* AssetsLibrary.framework in Frameworks */,
				E2437F3016CBD62200441ABD /* AudioToolbox.framework in Frameworks */,
				E2437F3116CBD62200441ABD /* AVFoundation.framework in Frameworks */,
				E2506E54170DA55C005A43D2 /* CoreImage.framework in Frameworks */,
				E2437F3216CBD62200441ABD /* CoreAudio.framework in Frameworks */,
				E2437F3316CBD62200441ABD /* CoreFoundation.framework in Frameworks */,
				E2437F3416CBD62200441ABD /* CoreGraphics.framework in Frameworks */,
				E2437F3516CBD62200441ABD /* CoreMedia.framework in Frameworks */,
				E2437F3616CBD62200441ABD /* CoreVideo.framework in Frameworks */,
				E2437F3716CBD62200441ABD /* Foundation.framework in Frameworks */,
				E2506E4D170DA49F005A43D2 /* MobileCoreServices.framework in Frameworks */,
				E2D8ED911804400F00FB0EAE /* Security.framework in Frameworks */,
				E2437F3816CBD62200441ABD /* UIKit.framework in Frameworks */,
			);
			runOnlyForDeploymentPostprocessing = 0;
		};
/* End PBXFrameworksBuildPhase section */

/* Begin PBXGroup section */
		0039C3ED1AAD3A1300A8E9D0 /* Products */ = {
			isa = PBXGroup;
			children = (
				0039C3F11AAD3A1300A8E9D0 /* libhfservices_ios.a */,
			);
			name = Products;
			sourceTree = "<group>";
		};
		0039C3F21AAD3A1300A8E9D0 /* Products */ = {
			isa = PBXGroup;
			children = (
				0039C3F71AAD3A1300A8E9D0 /* libidnkit_ios.a */,
			);
			name = Products;
			sourceTree = "<group>";
		};
		0039C3F81AAD3A1400A8E9D0 /* Products */ = {
			isa = PBXGroup;
			children = (
				0039C4031AAD3A1400A8E9D0 /* libzsLib_ios.a */,
			);
			name = Products;
			sourceTree = "<group>";
		};
		0039C4041AAD3A1400A8E9D0 /* Products */ = {
			isa = PBXGroup;
			children = (
				0039C40B1AAD3A1400A8E9D0 /* libcryptopp_ios.a */,
			);
			name = Products;
			sourceTree = "<group>";
		};
		0039C41B1AAD3A1400A8E9D0 /* Products */ = {
			isa = PBXGroup;
			children = (
				0039C4351AAD3A1400A8E9D0 /* libwebrtc.a */,
			);
			name = Products;
			sourceTree = "<group>";
		};
		0039C4461AAD3A1400A8E9D0 /* Products */ = {
			isa = PBXGroup;
			children = (
				0039C44E1AAD3A1400A8E9D0 /* libudns_ios.a */,
			);
			name = Products;
			sourceTree = "<group>";
		};
		004B8D9D189C2BF300D4F6A8 /* Products */ = {
			isa = PBXGroup;
			children = (
				004B8DA1189C2BF300D4F6A8 /* libortclib_ios.a */,
			);
			name = Products;
			sourceTree = "<group>";
		};
		0063D5C916CB35D700E6DB4D = {
			isa = PBXGroup;
			children = (
				0063D60416CB362300E6DB4D /* openpeer */,
				0063D5DB16CB35D800E6DB4D /* hfcoreTest_ios */,
				E243805A16CBD8CB00441ABD /* hfcoreMediaTest_ios */,
				0063D88816CB38D900E6DB4D /* Projects */,
				0063D88716CB38CE00E6DB4D /* Libraries */,
				0063D5D416CB35D700E6DB4D /* Frameworks */,
				0063D5D316CB35D700E6DB4D /* Products */,
			);
			sourceTree = "<group>";
		};
		0063D5D316CB35D700E6DB4D /* Products */ = {
			isa = PBXGroup;
			children = (
				0063D5D216CB35D700E6DB4D /* hfcoreTest_ios.app */,
				E2437F4516CBD62200441ABD /* hfcoreMediaTest_ios.app */,
			);
			name = Products;
			sourceTree = "<group>";
		};
		0063D5D416CB35D700E6DB4D /* Frameworks */ = {
			isa = PBXGroup;
			children = (
				009286D61AAD478D0036394A /* libresolv.9.dylib */,
				E2E460C1192C010C005BAED9 /* libopus.a */,
				E2E460C2192C010C005BAED9 /* libyuv_neon.a */,
				E2E460C3192C010C005BAED9 /* libyuv.a */,
				E2E46025192BF979005BAED9 /* libaudio_coding_module.a */,
				E2E46026192BF979005BAED9 /* libaudio_conference_mixer.a */,
				E2E46027192BF979005BAED9 /* libaudio_device.a */,
				E2E46028192BF979005BAED9 /* libaudio_processing_neon.a */,
				E2E46029192BF979005BAED9 /* libaudio_processing.a */,
				E2E4602A192BF97A005BAED9 /* libbitrate_controller.a */,
				E2E4602B192BF97A005BAED9 /* libchannel_transport.a */,
				E2E4602C192BF97A005BAED9 /* libCNG.a */,
				E2E4602D192BF97A005BAED9 /* libcommon_audio_neon.a */,
				E2E4602E192BF97A005BAED9 /* libcommon_audio.a */,
				E2E4602F192BF97B005BAED9 /* libcommon_video.a */,
				E2E46030192BF97B005BAED9 /* libG711.a */,
				E2E46031192BF97B005BAED9 /* libG722.a */,
				E2E46032192BF97B005BAED9 /* libiLBC.a */,
				E2E46033192BF97B005BAED9 /* libisac_neon.a */,
				E2E46034192BF97C005BAED9 /* libiSAC.a */,
				E2E46035192BF97C005BAED9 /* libiSACFix.a */,
				E2E46036192BF97C005BAED9 /* libmedia_file.a */,
				E2E46037192BF97C005BAED9 /* libNetEq.a */,
				E2E46038192BF97C005BAED9 /* libNetEq4.a */,
				E2E46039192BF97D005BAED9 /* libpaced_sender.a */,
				E2E4603A192BF97D005BAED9 /* libPCM16B.a */,
				E2E4603B192BF97D005BAED9 /* libremote_bitrate_estimator.a */,
				E2E4603C192BF97D005BAED9 /* librtp_rtcp.a */,
				E2E4603D192BF97D005BAED9 /* libsystem_wrappers.a */,
				E2E4603E192BF97E005BAED9 /* libvideo_capture_module.a */,
				E2E4603F192BF97E005BAED9 /* libvideo_coding_utility.a */,
				E2E46040192BF97E005BAED9 /* libvideo_engine_core.a */,
				E2E46041192BF97E005BAED9 /* libvideo_processing.a */,
				E2E46042192BF97E005BAED9 /* libvideo_render_module.a */,
				E2E46043192BF97F005BAED9 /* libvoice_engine.a */,
				E2E46044192BF97F005BAED9 /* libvpx.a */,
				E2E46045192BF97F005BAED9 /* libwebrtc_i420.a */,
				E2E46046192BF97F005BAED9 /* libwebrtc_opus.a */,
				E2E46047192BF980005BAED9 /* libwebrtc_utility.a */,
				E2E46048192BF980005BAED9 /* libwebrtc_video_coding.a */,
				E2E46049192BF980005BAED9 /* libwebrtc_vp8.a */,
				E2E4601B192BF820005BAED9 /* libacm2.a */,
				E2E46018192BF7EC005BAED9 /* librbe_components.a */,
				0012C515177CE1E70017FF5E /* libz.dylib */,
				00243921178F473500B79368 /* Security.framework */,
				E2506E55170DA584005A43D2 /* AssetsLibrary.framework */,
				E2506E53170DA55C005A43D2 /* CoreImage.framework */,
				E2506E4C170DA49E005A43D2 /* MobileCoreServices.framework */,
				0063DA1016CB488D00E6DB4D /* AudioToolbox.framework */,
				0063DA1616CB4A0F00E6DB4D /* AVFoundation.framework */,
				0063DA0C16CB487400E6DB4D /* CoreAudio.framework */,
				0063DA0E16CB488200E6DB4D /* CoreFoundation.framework */,
				0063D5D916CB35D700E6DB4D /* CoreGraphics.framework */,
				0063DA1816CB4A8200E6DB4D /* CoreMedia.framework */,
				0063DA1216CB48A400E6DB4D /* CoreVideo.framework */,
				0063D5D716CB35D700E6DB4D /* Foundation.framework */,
				0063D5D516CB35D700E6DB4D /* UIKit.framework */,
			);
			name = Frameworks;
			sourceTree = "<group>";
		};
		0063D5DB16CB35D800E6DB4D /* hfcoreTest_ios */ = {
			isa = PBXGroup;
			children = (
				0063D5E416CB35D800E6DB4D /* AppDelegate.h */,
				0063D5E516CB35D800E6DB4D /* AppDelegate.m */,
				0063D5ED16CB35D800E6DB4D /* MasterViewController.h */,
				0063D5EE16CB35D800E6DB4D /* MasterViewController.m */,
				0063D5F016CB35D800E6DB4D /* DetailViewController.h */,
				0063D5F116CB35D800E6DB4D /* DetailViewController.m */,
				0063D5F316CB35D800E6DB4D /* MasterViewController_iPhone.xib */,
				0063D5F616CB35D800E6DB4D /* MasterViewController_iPad.xib */,
				0063D5F916CB35D800E6DB4D /* DetailViewController_iPhone.xib */,
				0063D5FC16CB35D800E6DB4D /* DetailViewController_iPad.xib */,
				0063D5DC16CB35D800E6DB4D /* Supporting Files */,
			);
			path = hfcoreTest_ios;
			sourceTree = "<group>";
		};
		0063D5DC16CB35D800E6DB4D /* Supporting Files */ = {
			isa = PBXGroup;
			children = (
				0063D5DD16CB35D800E6DB4D /* hfcoreTest_ios-Info.plist */,
				0063D5DE16CB35D800E6DB4D /* InfoPlist.strings */,
				0063D5E116CB35D800E6DB4D /* main.m */,
				0063D5E316CB35D800E6DB4D /* hfcoreTest_ios-Prefix.pch */,
				0063D5E716CB35D800E6DB4D /* Default.png */,
				0063D5E916CB35D800E6DB4D /* Default@2x.png */,
				0063D5EB16CB35D800E6DB4D /* Default-568h@2x.png */,
			);
			name = "Supporting Files";
			sourceTree = "<group>";
		};
		0063D60416CB362300E6DB4D /* openpeer */ = {
			isa = PBXGroup;
			children = (
				0063D60516CB362300E6DB4D /* core */,
			);
			name = openpeer;
			path = ../../../openpeer;
			sourceTree = "<group>";
		};
		0063D60516CB362300E6DB4D /* core */ = {
			isa = PBXGroup;
			children = (
				0063D63916CB362300E6DB4D /* test */,
			);
			path = core;
			sourceTree = "<group>";
		};
		0063D63916CB362300E6DB4D /* test */ = {
			isa = PBXGroup;
			children = (
				0063D63C16CB362300E6DB4D /* config.h */,
				0063D63A16CB362300E6DB4D /* testing.cpp */,
				0063D63B16CB362300E6DB4D /* testing.h */,
				0063D63D16CB362300E6DB4D /* desktop_FakeGUI.cpp */,
				0063D63E16CB362300E6DB4D /* desktop_FakeGUI.h */,
				0063D63F16CB362300E6DB4D /* main.cpp */,
				E22F931816CE78E600AB0A9E /* TestMediaEngine.h */,
				E22F931716CE78E600AB0A9E /* TestMediaEngine.cpp */,
			);
			path = test;
			sourceTree = "<group>";
		};
		0063D88716CB38CE00E6DB4D /* Libraries */ = {
			isa = PBXGroup;
			children = (
				0063D88C16CB38FE00E6DB4D /* libcurl.a */,
			);
			name = Libraries;
			sourceTree = "<group>";
		};
		0063D88816CB38D900E6DB4D /* Projects */ = {
			isa = PBXGroup;
			children = (
				0063D8AF16CB39C500E6DB4D /* hfcore_ios.xcodeproj */,
				0063D8A916CB39BC00E6DB4D /* hfstack_ios.xcodeproj */,
				E27A75611A40A9BF000A3D5C /* easysqlite_ios.xcodeproj */,
				004A559B1839D84300AEF378 /* ortclib_ios.xcodeproj */,
				E2F35D19191D137F00089A18 /* webrtc_ios.xcodeproj */,
				0063D8A316CB39B000E6DB4D /* hfservices_ios.xcodeproj */,
				0063D89D16CB39A600E6DB4D /* cryptopp_ios.xcodeproj */,
				00CF4BF61A15BEF300573A34 /* idnkit_ios.xcodeproj */,
				0063D89716CB39A100E6DB4D /* udns_ios.xcodeproj */,
				0063D89116CB399600E6DB4D /* zsLib_ios.xcodeproj */,
			);
			name = Projects;
			sourceTree = "<group>";
		};
		0063D8AA16CB39BC00E6DB4D /* Products */ = {
			isa = PBXGroup;
			children = (
				0063D8AE16CB39BD00E6DB4D /* libhfstack_ios.a */,
			);
			name = Products;
			sourceTree = "<group>";
		};
		0063D8B016CB39C500E6DB4D /* Products */ = {
			isa = PBXGroup;
			children = (
				0063D8B416CB39C500E6DB4D /* libhfcore_ios.a */,
			);
			name = Products;
			sourceTree = "<group>";
		};
		E243805A16CBD8CB00441ABD /* hfcoreMediaTest_ios */ = {
			isa = PBXGroup;
			children = (
				E243806116CBD91900441ABD /* AppDelegate.h */,
				E243806216CBD91900441ABD /* AppDelegate.mm */,
				E243806516CBD91900441ABD /* ViewController.h */,
				E243806616CBD91900441ABD /* ViewController.mm */,
				E243806316CBD91900441ABD /* MediaEngineDelegateWrapper.h */,
				E243806416CBD91900441ABD /* MediaEngineDelegateWrapper.mm */,
				E243806A16CBD93000441ABD /* ViewController.xib */,
				E243806016CBD8E300441ABD /* Supporting Files */,
			);
			name = hfcoreMediaTest_ios;
			sourceTree = "<group>";
		};
		E243806016CBD8E300441ABD /* Supporting Files */ = {
			isa = PBXGroup;
			children = (
				E243806D16CBD95400441ABD /* hfcoreMediaTest_ios-Info.plist */,
				E243807216CBD96A00441ABD /* InfoPlist.strings */,
				E243806F16CBD95400441ABD /* main.m */,
				E243806E16CBD95400441ABD /* hfcoreMediaTest_ios-Prefix.pch */,
			);
			name = "Supporting Files";
			sourceTree = "<group>";
		};
		E27A75621A40A9BF000A3D5C /* Products */ = {
			isa = PBXGroup;
			children = (
				E27A75661A40A9C0000A3D5C /* libeasysqlite_ios.a */,
			);
			name = Products;
			sourceTree = "<group>";
		};
/* End PBXGroup section */

/* Begin PBXNativeTarget section */
		0063D5D116CB35D700E6DB4D /* hfcoreTest_ios */ = {
			isa = PBXNativeTarget;
			buildConfigurationList = 0063D60116CB35D800E6DB4D /* Build configuration list for PBXNativeTarget "hfcoreTest_ios" */;
			buildPhases = (
				0063D5CE16CB35D700E6DB4D /* Sources */,
				0063D5CF16CB35D700E6DB4D /* Frameworks */,
				0063D5D016CB35D700E6DB4D /* Resources */,
			);
			buildRules = (
			);
			dependencies = (
				009287501AAD4CE60036394A /* PBXTargetDependency */,
				009287521AAD4CE60036394A /* PBXTargetDependency */,
				009287541AAD4CE60036394A /* PBXTargetDependency */,
				009287561AAD4CE60036394A /* PBXTargetDependency */,
				009287581AAD4CE60036394A /* PBXTargetDependency */,
				E27A756C1A40A9E8000A3D5C /* PBXTargetDependency */,
				0063D8BA16CB3A9400E6DB4D /* PBXTargetDependency */,
				0063D8B816CB3A9400E6DB4D /* PBXTargetDependency */,
				00CF4C181A15C53500573A34 /* PBXTargetDependency */,
			);
			name = hfcoreTest_ios;
			productName = hfcoreTest_ios;
			productReference = 0063D5D216CB35D700E6DB4D /* hfcoreTest_ios.app */;
			productType = "com.apple.product-type.application";
		};
		E2437E8F16CBD62200441ABD /* hfcoreMediaTest_ios */ = {
			isa = PBXNativeTarget;
			buildConfigurationList = E2437F4216CBD62200441ABD /* Build configuration list for PBXNativeTarget "hfcoreMediaTest_ios" */;
			buildPhases = (
				E2437EF216CBD62200441ABD /* Sources */,
				E2437EFA16CBD62200441ABD /* Frameworks */,
				E2437F3916CBD62200441ABD /* Resources */,
			);
			buildRules = (
			);
			dependencies = (
				0092875C1AAD4D160036394A /* PBXTargetDependency */,
				0092875E1AAD4D160036394A /* PBXTargetDependency */,
				009287601AAD4D160036394A /* PBXTargetDependency */,
				009287621AAD4D160036394A /* PBXTargetDependency */,
				009287641AAD4D160036394A /* PBXTargetDependency */,
				E27A756A1A40A9DE000A3D5C /* PBXTargetDependency */,
				E2437EE616CBD62200441ABD /* PBXTargetDependency */,
				E2437EE816CBD62200441ABD /* PBXTargetDependency */,
				00CF4C141A15C50900573A34 /* PBXTargetDependency */,
			);
			name = hfcoreMediaTest_ios;
			productName = hfcoreTest_ios;
			productReference = E2437F4516CBD62200441ABD /* hfcoreMediaTest_ios.app */;
			productType = "com.apple.product-type.application";
		};
/* End PBXNativeTarget section */

/* Begin PBXProject section */
		0063D5CA16CB35D700E6DB4D /* Project object */ = {
			isa = PBXProject;
			attributes = {
				LastUpgradeCheck = 0460;
				ORGANIZATIONNAME = "Hookflash Inc.";
				TargetAttributes = {
					0063D5D116CB35D700E6DB4D = {
						DevelopmentTeam = Z5WRU4N5VJ;
					};
					E2437E8F16CBD62200441ABD = {
						DevelopmentTeam = Z5WRU4N5VJ;
					};
				};
			};
			buildConfigurationList = 0063D5CD16CB35D700E6DB4D /* Build configuration list for PBXProject "hfcoreTest_ios" */;
			compatibilityVersion = "Xcode 3.2";
			developmentRegion = English;
			hasScannedForEncodings = 0;
			knownRegions = (
				en,
			);
			mainGroup = 0063D5C916CB35D700E6DB4D;
			productRefGroup = 0063D5D316CB35D700E6DB4D /* Products */;
			projectDirPath = "";
			projectReferences = (
				{
					ProductGroup = 0039C4041AAD3A1400A8E9D0 /* Products */;
					ProjectRef = 0063D89D16CB39A600E6DB4D /* cryptopp_ios.xcodeproj */;
				},
				{
					ProductGroup = E27A75621A40A9BF000A3D5C /* Products */;
					ProjectRef = E27A75611A40A9BF000A3D5C /* easysqlite_ios.xcodeproj */;
				},
				{
					ProductGroup = 0063D8B016CB39C500E6DB4D /* Products */;
					ProjectRef = 0063D8AF16CB39C500E6DB4D /* hfcore_ios.xcodeproj */;
				},
				{
					ProductGroup = 0039C3ED1AAD3A1300A8E9D0 /* Products */;
					ProjectRef = 0063D8A316CB39B000E6DB4D /* hfservices_ios.xcodeproj */;
				},
				{
					ProductGroup = 0063D8AA16CB39BC00E6DB4D /* Products */;
					ProjectRef = 0063D8A916CB39BC00E6DB4D /* hfstack_ios.xcodeproj */;
				},
				{
					ProductGroup = 0039C3F21AAD3A1300A8E9D0 /* Products */;
					ProjectRef = 00CF4BF61A15BEF300573A34 /* idnkit_ios.xcodeproj */;
				},
				{
					ProductGroup = 004B8D9D189C2BF300D4F6A8 /* Products */;
					ProjectRef = 004A559B1839D84300AEF378 /* ortclib_ios.xcodeproj */;
				},
				{
					ProductGroup = 0039C4461AAD3A1400A8E9D0 /* Products */;
					ProjectRef = 0063D89716CB39A100E6DB4D /* udns_ios.xcodeproj */;
				},
				{
					ProductGroup = 0039C41B1AAD3A1400A8E9D0 /* Products */;
					ProjectRef = E2F35D19191D137F00089A18 /* webrtc_ios.xcodeproj */;
				},
				{
					ProductGroup = 0039C3F81AAD3A1400A8E9D0 /* Products */;
					ProjectRef = 0063D89116CB399600E6DB4D /* zsLib_ios.xcodeproj */;
				},
			);
			projectRoot = "";
			targets = (
				0063D5D116CB35D700E6DB4D /* hfcoreTest_ios */,
				E2437E8F16CBD62200441ABD /* hfcoreMediaTest_ios */,
			);
		};
/* End PBXProject section */

/* Begin PBXReferenceProxy section */
		0039C3F11AAD3A1300A8E9D0 /* libhfservices_ios.a */ = {
			isa = PBXReferenceProxy;
			fileType = archive.ar;
			path = libhfservices_ios.a;
			remoteRef = 0039C3F01AAD3A1300A8E9D0 /* PBXContainerItemProxy */;
			sourceTree = BUILT_PRODUCTS_DIR;
		};
		0039C3F71AAD3A1300A8E9D0 /* libidnkit_ios.a */ = {
			isa = PBXReferenceProxy;
			fileType = archive.ar;
			path = libidnkit_ios.a;
			remoteRef = 0039C3F61AAD3A1300A8E9D0 /* PBXContainerItemProxy */;
			sourceTree = BUILT_PRODUCTS_DIR;
		};
		0039C4031AAD3A1400A8E9D0 /* libzsLib_ios.a */ = {
			isa = PBXReferenceProxy;
			fileType = archive.ar;
			path = libzsLib_ios.a;
			remoteRef = 0039C4021AAD3A1400A8E9D0 /* PBXContainerItemProxy */;
			sourceTree = BUILT_PRODUCTS_DIR;
		};
		0039C40B1AAD3A1400A8E9D0 /* libcryptopp_ios.a */ = {
			isa = PBXReferenceProxy;
			fileType = archive.ar;
			path = libcryptopp_ios.a;
			remoteRef = 0039C40A1AAD3A1400A8E9D0 /* PBXContainerItemProxy */;
			sourceTree = BUILT_PRODUCTS_DIR;
		};
		0039C4351AAD3A1400A8E9D0 /* libwebrtc.a */ = {
			isa = PBXReferenceProxy;
			fileType = archive.ar;
			path = libwebrtc.a;
			remoteRef = 0039C4341AAD3A1400A8E9D0 /* PBXContainerItemProxy */;
			sourceTree = BUILT_PRODUCTS_DIR;
		};
		0039C44E1AAD3A1400A8E9D0 /* libudns_ios.a */ = {
			isa = PBXReferenceProxy;
			fileType = archive.ar;
			path = libudns_ios.a;
			remoteRef = 0039C44D1AAD3A1400A8E9D0 /* PBXContainerItemProxy */;
			sourceTree = BUILT_PRODUCTS_DIR;
		};
		004B8DA1189C2BF300D4F6A8 /* libortclib_ios.a */ = {
			isa = PBXReferenceProxy;
			fileType = archive.ar;
			path = libortclib_ios.a;
			remoteRef = 004B8DA0189C2BF300D4F6A8 /* PBXContainerItemProxy */;
			sourceTree = BUILT_PRODUCTS_DIR;
		};
		0063D8AE16CB39BD00E6DB4D /* libhfstack_ios.a */ = {
			isa = PBXReferenceProxy;
			fileType = archive.ar;
			path = libhfstack_ios.a;
			remoteRef = 0063D8AD16CB39BD00E6DB4D /* PBXContainerItemProxy */;
			sourceTree = BUILT_PRODUCTS_DIR;
		};
		0063D8B416CB39C500E6DB4D /* libhfcore_ios.a */ = {
			isa = PBXReferenceProxy;
			fileType = archive.ar;
			path = libhfcore_ios.a;
			remoteRef = 0063D8B316CB39C500E6DB4D /* PBXContainerItemProxy */;
			sourceTree = BUILT_PRODUCTS_DIR;
		};
		E27A75661A40A9C0000A3D5C /* libeasysqlite_ios.a */ = {
			isa = PBXReferenceProxy;
			fileType = archive.ar;
			path = libeasysqlite_ios.a;
			remoteRef = E27A75651A40A9C0000A3D5C /* PBXContainerItemProxy */;
			sourceTree = BUILT_PRODUCTS_DIR;
		};
/* End PBXReferenceProxy section */

/* Begin PBXResourcesBuildPhase section */
		0063D5D016CB35D700E6DB4D /* Resources */ = {
			isa = PBXResourcesBuildPhase;
			buildActionMask = 2147483647;
			files = (
				0063D5E016CB35D800E6DB4D /* InfoPlist.strings in Resources */,
				0063D5E816CB35D800E6DB4D /* Default.png in Resources */,
				0063D5EA16CB35D800E6DB4D /* Default@2x.png in Resources */,
				0063D5EC16CB35D800E6DB4D /* Default-568h@2x.png in Resources */,
				0063D5F516CB35D800E6DB4D /* MasterViewController_iPhone.xib in Resources */,
				0063D5F816CB35D800E6DB4D /* MasterViewController_iPad.xib in Resources */,
				0063D5FB16CB35D800E6DB4D /* DetailViewController_iPhone.xib in Resources */,
				0063D5FE16CB35D800E6DB4D /* DetailViewController_iPad.xib in Resources */,
			);
			runOnlyForDeploymentPostprocessing = 0;
		};
		E2437F3916CBD62200441ABD /* Resources */ = {
			isa = PBXResourcesBuildPhase;
			buildActionMask = 2147483647;
			files = (
				E2437F3A16CBD62200441ABD /* InfoPlist.strings in Resources */,
				E2437F3B16CBD62200441ABD /* Default.png in Resources */,
				E2437F3C16CBD62200441ABD /* Default@2x.png in Resources */,
				E2437F3D16CBD62200441ABD /* Default-568h@2x.png in Resources */,
				E2437F3E16CBD62200441ABD /* MasterViewController_iPhone.xib in Resources */,
				E2437F3F16CBD62200441ABD /* MasterViewController_iPad.xib in Resources */,
				E2437F4016CBD62200441ABD /* DetailViewController_iPhone.xib in Resources */,
				E2437F4116CBD62200441ABD /* DetailViewController_iPad.xib in Resources */,
				E243806C16CBD93000441ABD /* ViewController.xib in Resources */,
				E243807416CBD96A00441ABD /* InfoPlist.strings in Resources */,
			);
			runOnlyForDeploymentPostprocessing = 0;
		};
/* End PBXResourcesBuildPhase section */

/* Begin PBXSourcesBuildPhase section */
		0063D5CE16CB35D700E6DB4D /* Sources */ = {
			isa = PBXSourcesBuildPhase;
			buildActionMask = 2147483647;
			files = (
				0063D5E216CB35D800E6DB4D /* main.m in Sources */,
				0063D5E616CB35D800E6DB4D /* AppDelegate.m in Sources */,
				0063D5EF16CB35D800E6DB4D /* MasterViewController.m in Sources */,
				0063D5F216CB35D800E6DB4D /* DetailViewController.m in Sources */,
				0063D7D816CB362400E6DB4D /* testing.cpp in Sources */,
				0063D7D916CB362400E6DB4D /* desktop_FakeGUI.cpp in Sources */,
				E22F931916CE78E600AB0A9E /* TestMediaEngine.cpp in Sources */,
			);
			runOnlyForDeploymentPostprocessing = 0;
		};
		E2437EF216CBD62200441ABD /* Sources */ = {
			isa = PBXSourcesBuildPhase;
			buildActionMask = 2147483647;
			files = (
				E243806716CBD91900441ABD /* AppDelegate.mm in Sources */,
				E243806816CBD91900441ABD /* MediaEngineDelegateWrapper.mm in Sources */,
				E243806916CBD91900441ABD /* ViewController.mm in Sources */,
				E243807116CBD95400441ABD /* main.m in Sources */,
				E22F931A16CE78E600AB0A9E /* TestMediaEngine.cpp in Sources */,
			);
			runOnlyForDeploymentPostprocessing = 0;
		};
/* End PBXSourcesBuildPhase section */

/* Begin PBXTargetDependency section */
		0063D8B816CB3A9400E6DB4D /* PBXTargetDependency */ = {
			isa = PBXTargetDependency;
			name = hfstack_ios;
			targetProxy = 0063D8B716CB3A9400E6DB4D /* PBXContainerItemProxy */;
		};
		0063D8BA16CB3A9400E6DB4D /* PBXTargetDependency */ = {
			isa = PBXTargetDependency;
			name = hfcore_ios;
			targetProxy = 0063D8B916CB3A9400E6DB4D /* PBXContainerItemProxy */;
		};
		009287501AAD4CE60036394A /* PBXTargetDependency */ = {
			isa = PBXTargetDependency;
			name = hfservices_ios;
			targetProxy = 0092874F1AAD4CE60036394A /* PBXContainerItemProxy */;
		};
		009287521AAD4CE60036394A /* PBXTargetDependency */ = {
			isa = PBXTargetDependency;
			name = cryptopp_ios;
			targetProxy = 009287511AAD4CE60036394A /* PBXContainerItemProxy */;
		};
		009287541AAD4CE60036394A /* PBXTargetDependency */ = {
			isa = PBXTargetDependency;
			name = idnkit_ios;
			targetProxy = 009287531AAD4CE60036394A /* PBXContainerItemProxy */;
		};
		009287561AAD4CE60036394A /* PBXTargetDependency */ = {
			isa = PBXTargetDependency;
			name = udns_ios;
			targetProxy = 009287551AAD4CE60036394A /* PBXContainerItemProxy */;
		};
		009287581AAD4CE60036394A /* PBXTargetDependency */ = {
			isa = PBXTargetDependency;
			name = zsLib_ios;
			targetProxy = 009287571AAD4CE60036394A /* PBXContainerItemProxy */;
		};
		0092875C1AAD4D160036394A /* PBXTargetDependency */ = {
			isa = PBXTargetDependency;
			name = hfservices_ios;
			targetProxy = 0092875B1AAD4D160036394A /* PBXContainerItemProxy */;
		};
		0092875E1AAD4D160036394A /* PBXTargetDependency */ = {
			isa = PBXTargetDependency;
			name = cryptopp_ios;
			targetProxy = 0092875D1AAD4D160036394A /* PBXContainerItemProxy */;
		};
		009287601AAD4D160036394A /* PBXTargetDependency */ = {
			isa = PBXTargetDependency;
			name = idnkit_ios;
			targetProxy = 0092875F1AAD4D160036394A /* PBXContainerItemProxy */;
		};
		009287621AAD4D160036394A /* PBXTargetDependency */ = {
			isa = PBXTargetDependency;
			name = udns_ios;
			targetProxy = 009287611AAD4D160036394A /* PBXContainerItemProxy */;
		};
		009287641AAD4D160036394A /* PBXTargetDependency */ = {
			isa = PBXTargetDependency;
			name = zsLib_ios;
			targetProxy = 009287631AAD4D160036394A /* PBXContainerItemProxy */;
		};
		00CF4C141A15C50900573A34 /* PBXTargetDependency */ = {
			isa = PBXTargetDependency;
			name = ortclib_ios;
			targetProxy = 00CF4C131A15C50900573A34 /* PBXContainerItemProxy */;
		};
		00CF4C181A15C53500573A34 /* PBXTargetDependency */ = {
			isa = PBXTargetDependency;
			name = ortclib_ios;
			targetProxy = 00CF4C171A15C53500573A34 /* PBXContainerItemProxy */;
		};
		E2437EE616CBD62200441ABD /* PBXTargetDependency */ = {
			isa = PBXTargetDependency;
			name = hfcore_ios;
			targetProxy = E2437EE716CBD62200441ABD /* PBXContainerItemProxy */;
		};
		E2437EE816CBD62200441ABD /* PBXTargetDependency */ = {
			isa = PBXTargetDependency;
			name = hfstack_ios;
			targetProxy = E2437EE916CBD62200441ABD /* PBXContainerItemProxy */;
		};
		E27A756A1A40A9DE000A3D5C /* PBXTargetDependency */ = {
			isa = PBXTargetDependency;
			name = easysqlite_ios;
			targetProxy = E27A75691A40A9DE000A3D5C /* PBXContainerItemProxy */;
		};
		E27A756C1A40A9E8000A3D5C /* PBXTargetDependency */ = {
			isa = PBXTargetDependency;
			name = easysqlite_ios;
			targetProxy = E27A756B1A40A9E8000A3D5C /* PBXContainerItemProxy */;
		};
/* End PBXTargetDependency section */

/* Begin PBXVariantGroup section */
		0063D5DE16CB35D800E6DB4D /* InfoPlist.strings */ = {
			isa = PBXVariantGroup;
			children = (
				0063D5DF16CB35D800E6DB4D /* en */,
			);
			name = InfoPlist.strings;
			sourceTree = "<group>";
		};
		0063D5F316CB35D800E6DB4D /* MasterViewController_iPhone.xib */ = {
			isa = PBXVariantGroup;
			children = (
				0063D5F416CB35D800E6DB4D /* en */,
			);
			name = MasterViewController_iPhone.xib;
			sourceTree = "<group>";
		};
		0063D5F616CB35D800E6DB4D /* MasterViewController_iPad.xib */ = {
			isa = PBXVariantGroup;
			children = (
				0063D5F716CB35D800E6DB4D /* en */,
			);
			name = MasterViewController_iPad.xib;
			sourceTree = "<group>";
		};
		0063D5F916CB35D800E6DB4D /* DetailViewController_iPhone.xib */ = {
			isa = PBXVariantGroup;
			children = (
				0063D5FA16CB35D800E6DB4D /* en */,
			);
			name = DetailViewController_iPhone.xib;
			sourceTree = "<group>";
		};
		0063D5FC16CB35D800E6DB4D /* DetailViewController_iPad.xib */ = {
			isa = PBXVariantGroup;
			children = (
				0063D5FD16CB35D800E6DB4D /* en */,
			);
			name = DetailViewController_iPad.xib;
			sourceTree = "<group>";
		};
		E243806A16CBD93000441ABD /* ViewController.xib */ = {
			isa = PBXVariantGroup;
			children = (
				E243806B16CBD93000441ABD /* en */,
			);
			name = ViewController.xib;
			sourceTree = "<group>";
		};
		E243807216CBD96A00441ABD /* InfoPlist.strings */ = {
			isa = PBXVariantGroup;
			children = (
				E243807316CBD96A00441ABD /* en */,
			);
			name = InfoPlist.strings;
			sourceTree = "<group>";
		};
/* End PBXVariantGroup section */

/* Begin XCBuildConfiguration section */
		0063D5FF16CB35D800E6DB4D /* Debug */ = {
			isa = XCBuildConfiguration;
			buildSettings = {
				ALWAYS_SEARCH_USER_PATHS = NO;
				CLANG_CXX_LANGUAGE_STANDARD = "c++0x";
				CLANG_CXX_LIBRARY = "libc++";
				CLANG_ENABLE_OBJC_ARC = YES;
				CLANG_WARN_CONSTANT_CONVERSION = YES;
				CLANG_WARN_EMPTY_BODY = YES;
				CLANG_WARN_ENUM_CONVERSION = YES;
				CLANG_WARN_INT_CONVERSION = YES;
				CLANG_WARN__DUPLICATE_METHOD_MATCH = YES;
				"CODE_SIGN_IDENTITY[sdk=iphoneos*]" = "iPhone Developer";
				COPY_PHASE_STRIP = NO;
				FRAMEWORK_SEARCH_PATHS = "$(inherited)";
				GCC_C_LANGUAGE_STANDARD = gnu99;
				GCC_DYNAMIC_NO_PIC = NO;
				GCC_OPTIMIZATION_LEVEL = 0;
				GCC_PREPROCESSOR_DEFINITIONS = (
					"$(inherited)",
					CRYPTOPP_DISABLE_ASM,
				);
				GCC_WARN_ABOUT_RETURN_TYPE = YES;
				GCC_WARN_UNINITIALIZED_AUTOS = YES;
				GCC_WARN_UNUSED_VARIABLE = YES;
				HEADER_SEARCH_PATHS = (
					../../..,
					"../../../../op-stack-cpp",
					../../../../easysqlite/easySQLite/easySQLite,
					../../../../easysqlite/sqlite,
					"../../../../ortc-lib/libs",
					"../../../../op-services-cpp",
					../../../../zsLib,
					../../../../curl/curl,
					../../../..,
					../../../../webrtc,
					../../../../webrtc/webrtc,
					../../../../webrtc/webrtc/common_video/interface/,
					../../../../webrtc/webrtc/common_video/vplib/include,
					../../../../webrtc/webrtc/modules/video_render/iphone,
					../../../..webrtc/webrtc/modules/video_coding/codecs/interface/,
					../../../../webrtc/webrtc/modules/video_render/include,
					../../../../libs/webrtc/webrtc/modules/interface,
					../../../../webrtc/webrtc/modules/video_capture/include,
					../../../../webrtc/webrtc/system_wrappers/interface,
					../../../../webrtc/webrtc/voice_engine/include,
					../../../../webrtc/webrtc/video_engine/include,
					../../../../webrtc/webrtc/video_engine/include,
					"$(inherited)",
				);
				IPHONEOS_DEPLOYMENT_TARGET = 6.1;
				LIBRARY_SEARCH_PATHS = "../../../../curl/curl/ios-appstore/lib";
				ONLY_ACTIVE_ARCH = YES;
				SDKROOT = iphoneos;
				SUPPORTED_PLATFORMS = iphoneos;
				TARGETED_DEVICE_FAMILY = "1,2";
			};
			name = Debug;
		};
		0063D60016CB35D800E6DB4D /* Release */ = {
			isa = XCBuildConfiguration;
			buildSettings = {
				ALWAYS_SEARCH_USER_PATHS = NO;
				CLANG_CXX_LANGUAGE_STANDARD = "c++0x";
				CLANG_CXX_LIBRARY = "libc++";
				CLANG_ENABLE_OBJC_ARC = YES;
				CLANG_WARN_CONSTANT_CONVERSION = YES;
				CLANG_WARN_EMPTY_BODY = YES;
				CLANG_WARN_ENUM_CONVERSION = YES;
				CLANG_WARN_INT_CONVERSION = YES;
				CLANG_WARN__DUPLICATE_METHOD_MATCH = YES;
				"CODE_SIGN_IDENTITY[sdk=iphoneos*]" = "iPhone Developer";
				COPY_PHASE_STRIP = YES;
				FRAMEWORK_SEARCH_PATHS = "$(inherited)";
				GCC_C_LANGUAGE_STANDARD = gnu99;
				GCC_PREPROCESSOR_DEFINITIONS = (
					"$(inherited)",
					CRYPTOPP_DISABLE_ASM,
				);
				GCC_WARN_ABOUT_RETURN_TYPE = YES;
				GCC_WARN_UNINITIALIZED_AUTOS = YES;
				GCC_WARN_UNUSED_VARIABLE = YES;
				HEADER_SEARCH_PATHS = (
					../../..,
					"../../../../op-stack-cpp",
					../../../../easysqlite/easySQLite/easySQLite,
					../../../../easysqlite/sqlite,
					"../../../../ortc-lib/libs",
					"../../../../op-services-cpp",
					../../../../zsLib,
					../../../../curl/curl,
					../../../..,
					../../../../webrtc,
					../../../../webrtc/webrtc,
					../../../../webrtc/webrtc/common_video/interface/,
					../../../../webrtc/webrtc/common_video/vplib/include,
					../../../../webrtc/webrtc/modules/video_render/iphone,
					../../../..webrtc/webrtc/modules/video_coding/codecs/interface/,
					../../../../webrtc/webrtc/modules/video_render/include,
					../../../../libs/webrtc/webrtc/modules/interface,
					../../../../webrtc/webrtc/modules/video_capture/include,
					../../../../webrtc/webrtc/system_wrappers/interface,
					../../../../webrtc/webrtc/voice_engine/include,
					../../../../webrtc/webrtc/video_engine/include,
					../../../../webrtc/webrtc/video_engine/include,
					"$(inherited)",
				);
				IPHONEOS_DEPLOYMENT_TARGET = 6.1;
				LIBRARY_SEARCH_PATHS = "../../../../curl/curl/ios-appstore/lib";
				OTHER_CFLAGS = "-DNS_BLOCK_ASSERTIONS=1";
				SDKROOT = iphoneos;
				SUPPORTED_PLATFORMS = iphoneos;
				TARGETED_DEVICE_FAMILY = "1,2";
				VALIDATE_PRODUCT = YES;
			};
			name = Release;
		};
		0063D60216CB35D800E6DB4D /* Debug */ = {
			isa = XCBuildConfiguration;
			buildSettings = {
				CODE_SIGN_IDENTITY = "iPhone Developer";
				GCC_INLINES_ARE_PRIVATE_EXTERN = NO;
				GCC_PRECOMPILE_PREFIX_HEADER = YES;
				GCC_PREFIX_HEADER = "hfcoreTest_ios/hfcoreTest_ios-Prefix.pch";
				GCC_PREPROCESSOR_DEFINITIONS = (
					"$(inherited)",
					"DEBUG=1",
				);
				GCC_SYMBOLS_PRIVATE_EXTERN = NO;
				HEADER_SEARCH_PATHS = "$(inherited)";
				INFOPLIST_FILE = "hfcoreTest_ios/hfcoreTest_ios-Info.plist";
				LIBRARY_SEARCH_PATHS = (
					"$(inherited)",
					"/Users/robin/Documents/Hookflash/Repos/op/push-database/opios/libs/op/libs/ortc-lib/libs/zsLib/projects/xcode/zsLib_ios/build/Debug-iphoneos",
					"$(USER_LIBRARY_DIR)/Developer/Xcode/DerivedData/op-core-ajwxloilemhqatcvicykflcnmfqc/Build/Products/Debug",
					"$(USER_LIBRARY_DIR)/Developer/Xcode/DerivedData/op-core-ajwxloilemhqatcvicykflcnmfqc/Build/Products/Debug-iphoneos",
				);
				PRODUCT_NAME = "$(TARGET_NAME)";
				WRAPPER_EXTENSION = app;
			};
			name = Debug;
		};
		0063D60316CB35D800E6DB4D /* Release */ = {
			isa = XCBuildConfiguration;
			buildSettings = {
				CODE_SIGN_IDENTITY = "iPhone Developer";
				GCC_INLINES_ARE_PRIVATE_EXTERN = NO;
				GCC_PRECOMPILE_PREFIX_HEADER = YES;
				GCC_PREFIX_HEADER = "hfcoreTest_ios/hfcoreTest_ios-Prefix.pch";
				GCC_PREPROCESSOR_DEFINITIONS = (
					"$(inherited)",
					"NDEBUG=1",
				);
				HEADER_SEARCH_PATHS = "$(inherited)";
				INFOPLIST_FILE = "hfcoreTest_ios/hfcoreTest_ios-Info.plist";
				LIBRARY_SEARCH_PATHS = (
					"$(inherited)",
					"/Users/robin/Documents/Hookflash/Repos/op/push-database/opios/libs/op/libs/ortc-lib/libs/zsLib/projects/xcode/zsLib_ios/build/Debug-iphoneos",
					"$(USER_LIBRARY_DIR)/Developer/Xcode/DerivedData/op-core-ajwxloilemhqatcvicykflcnmfqc/Build/Products/Debug",
					"$(USER_LIBRARY_DIR)/Developer/Xcode/DerivedData/op-core-ajwxloilemhqatcvicykflcnmfqc/Build/Products/Debug-iphoneos",
				);
				PRODUCT_NAME = "$(TARGET_NAME)";
				WRAPPER_EXTENSION = app;
			};
			name = Release;
		};
		E2437F4316CBD62200441ABD /* Debug */ = {
			isa = XCBuildConfiguration;
			buildSettings = {
				CODE_SIGN_IDENTITY = "iPhone Developer";
				FRAMEWORK_SEARCH_PATHS = "$(inherited)";
				GCC_INLINES_ARE_PRIVATE_EXTERN = NO;
				GCC_PRECOMPILE_PREFIX_HEADER = YES;
				GCC_PREFIX_HEADER = "hfcoreMediaTest_ios/hfcoreMediaTest_ios-Prefix.pch";
				GCC_PREPROCESSOR_DEFINITIONS = (
					"$(inherited)",
					"DEBUG=1",
				);
				GCC_SYMBOLS_PRIVATE_EXTERN = NO;
				HEADER_SEARCH_PATHS = "$(inherited)";
				INFOPLIST_FILE = "hfcoreMediaTest_ios/hfcoreMediaTest_ios-Info.plist";
				LIBRARY_SEARCH_PATHS = (
					"$(inherited)",
					"$(USER_LIBRARY_DIR)/Developer/Xcode/DerivedData/op-core-ajwxloilemhqatcvicykflcnmfqc/Build/Products/Debug-iphoneos",
					"/Users/robin/Documents/Hookflash/Repos/op/push-database/opios/libs/op/libs/ortc-lib/libs/cryptopp/projects/xcode/cryptopp_ios/build/Debug-iphoneos",
				);
				ONLY_ACTIVE_ARCH = NO;
				PRODUCT_NAME = hfcoreMediaTest_ios;
				TARGETED_DEVICE_FAMILY = "1,2";
				VALID_ARCHS = "armv7 armv7s";
				WRAPPER_EXTENSION = app;
			};
			name = Debug;
		};
		E2437F4416CBD62200441ABD /* Release */ = {
			isa = XCBuildConfiguration;
			buildSettings = {
				CODE_SIGN_IDENTITY = "iPhone Developer";
				FRAMEWORK_SEARCH_PATHS = "$(inherited)";
				GCC_INLINES_ARE_PRIVATE_EXTERN = NO;
				GCC_PRECOMPILE_PREFIX_HEADER = YES;
				GCC_PREFIX_HEADER = "hfcoreMediaTest_ios/hfcoreMediaTest_ios-Prefix.pch";
				GCC_PREPROCESSOR_DEFINITIONS = (
					"$(inherited)",
					"NDEBUG=1",
				);
				HEADER_SEARCH_PATHS = "$(inherited)";
				INFOPLIST_FILE = "hfcoreMediaTest_ios/hfcoreMediaTest_ios-Info.plist";
				LIBRARY_SEARCH_PATHS = (
					"$(inherited)",
					"$(USER_LIBRARY_DIR)/Developer/Xcode/DerivedData/op-core-ajwxloilemhqatcvicykflcnmfqc/Build/Products/Debug-iphoneos",
					"/Users/robin/Documents/Hookflash/Repos/op/push-database/opios/libs/op/libs/ortc-lib/libs/cryptopp/projects/xcode/cryptopp_ios/build/Debug-iphoneos",
				);
				PRODUCT_NAME = hfcoreMediaTest_ios;
				TARGETED_DEVICE_FAMILY = "1,2";
				VALID_ARCHS = "armv7 armv7s";
				WRAPPER_EXTENSION = app;
			};
			name = Release;
		};
/* End XCBuildConfiguration section */

/* Begin XCConfigurationList section */
		0063D5CD16CB35D700E6DB4D /* Build configuration list for PBXProject "hfcoreTest_ios" */ = {
			isa = XCConfigurationList;
			buildConfigurations = (
				0063D5FF16CB35D800E6DB4D /* Debug */,
				0063D60016CB35D800E6DB4D /* Release */,
			);
			defaultConfigurationIsVisible = 0;
			defaultConfigurationName = Release;
		};
		0063D60116CB35D800E6DB4D /* Build configuration list for PBXNativeTarget "hfcoreTest_ios" */ = {
			isa = XCConfigurationList;
			buildConfigurations = (
				0063D60216CB35D800E6DB4D /* Debug */,
				0063D60316CB35D800E6DB4D /* Release */,
			);
			defaultConfigurationIsVisible = 0;
			defaultConfigurationName = Release;
		};
		E2437F4216CBD62200441ABD /* Build configuration list for PBXNativeTarget "hfcoreMediaTest_ios" */ = {
			isa = XCConfigurationList;
			buildConfigurations = (
				E2437F4316CBD62200441ABD /* Debug */,
				E2437F4416CBD62200441ABD /* Release */,
			);
			defaultConfigurationIsVisible = 0;
			defaultConfigurationName = Release;
		};
/* End XCConfigurationList section */
	};
	rootObject = 0063D5CA16CB35D700E6DB4D /* Project object */;
}
