// !$*UTF8*$!
{
	archiveVersion = 1;
	classes = {
	};
	objectVersion = 46;
	objects = {

/* Begin PBXBuildFile section */
		0063CF5616CAF01A00E6DB4D /* boost_replacement.cpp in Sources */ = {isa = PBXBuildFile; fileRef = 0063CDB816CAF01900E6DB4D /* boost_replacement.cpp */; };
		0063CF5716CAF01A00E6DB4D /* desktop_FakeGUI.cpp in Sources */ = {isa = PBXBuildFile; fileRef = 0063CDBB16CAF01900E6DB4D /* desktop_FakeGUI.cpp */; };
		0063CF5816CAF01A00E6DB4D /* main.cpp in Sources */ = {isa = PBXBuildFile; fileRef = 0063CDBD16CAF01900E6DB4D /* main.cpp */; };
		0063D03416CAF1C200E6DB4D /* libcurl.dylib in Frameworks */ = {isa = PBXBuildFile; fileRef = 0063D03316CAF1C200E6DB4D /* libcurl.dylib */; };
		0063D03616CAF1D000E6DB4D /* CoreFoundation.framework in Frameworks */ = {isa = PBXBuildFile; fileRef = 0063D03516CAF1D000E6DB4D /* CoreFoundation.framework */; };
		0063D37016CB2B1D00E6DB4D /* libzsLib.a in Frameworks */ = {isa = PBXBuildFile; fileRef = 0063D34516CB293C00E6DB4D /* libzsLib.a */; };
		0063D37316CB2B2E00E6DB4D /* libhfservices.a in Frameworks */ = {isa = PBXBuildFile; fileRef = 0063D35716CB296600E6DB4D /* libhfservices.a */; };
		0063D37416CB2B3400E6DB4D /* libhfstack.a in Frameworks */ = {isa = PBXBuildFile; fileRef = 0063D35D16CB296D00E6DB4D /* libhfstack.a */; };
		0063D37516CB2BB600E6DB4D /* libhfcore.a in Frameworks */ = {isa = PBXBuildFile; fileRef = 0063D36316CB297600E6DB4D /* libhfcore.a */; };
		0063D5B816CB328A00E6DB4D /* QTKit.framework in Frameworks */ = {isa = PBXBuildFile; fileRef = 0063D5B716CB328900E6DB4D /* QTKit.framework */; };
		0063D5BA16CB329000E6DB4D /* AppKit.framework in Frameworks */ = {isa = PBXBuildFile; fileRef = 0063D5B916CB329000E6DB4D /* AppKit.framework */; };
		0063D5BC16CB329E00E6DB4D /* CoreAudio.framework in Frameworks */ = {isa = PBXBuildFile; fileRef = 0063D5BB16CB329E00E6DB4D /* CoreAudio.framework */; };
		0063D5BE16CB32A500E6DB4D /* AudioToolbox.framework in Frameworks */ = {isa = PBXBuildFile; fileRef = 0063D5BD16CB32A500E6DB4D /* AudioToolbox.framework */; };
		0063D5C016CB32AE00E6DB4D /* CoreVideo.framework in Frameworks */ = {isa = PBXBuildFile; fileRef = 0063D5BF16CB32AD00E6DB4D /* CoreVideo.framework */; };
		0063D5C216CB32B500E6DB4D /* OpenGL.framework in Frameworks */ = {isa = PBXBuildFile; fileRef = 0063D5C116CB32B500E6DB4D /* OpenGL.framework */; };
		00C5B0DC177CA2C900D6F8AC /* libcryptopp.a in Frameworks */ = {isa = PBXBuildFile; fileRef = 00C5B0D7177CA27D00D6F8AC /* libcryptopp.a */; };
		00C5B0DD177CA2DC00D6F8AC /* libudns.a in Frameworks */ = {isa = PBXBuildFile; fileRef = 00C5B0D2177CA27D00D6F8AC /* libudns.a */; };
		00C82C271832025D005B87E0 /* boost.framework in Frameworks */ = {isa = PBXBuildFile; fileRef = 00C82C261832025C005B87E0 /* boost.framework */; };
		E23C2EC1192E11FF00706ADA /* TestMediaEngine.cpp in Sources */ = {isa = PBXBuildFile; fileRef = E210969316D4CECA002147D1 /* TestMediaEngine.cpp */; };
		E29C91FA1A77D873005B53AC /* libred.a in Frameworks */ = {isa = PBXBuildFile; fileRef = E29C91F91A77D873005B53AC /* libred.a */; };
		E29C91FC1A77D883005B53AC /* librtc_base_approved.a in Frameworks */ = {isa = PBXBuildFile; fileRef = E29C91FB1A77D882005B53AC /* librtc_base_approved.a */; };
		E29C91FE1A77D89D005B53AC /* libvideo_capture_module_internal_impl.a in Frameworks */ = {isa = PBXBuildFile; fileRef = E29C91FD1A77D89C005B53AC /* libvideo_capture_module_internal_impl.a */; };
		E29C92001A77D8BA005B53AC /* libvideo_render_module_internal_impl.a in Frameworks */ = {isa = PBXBuildFile; fileRef = E29C91FF1A77D8B9005B53AC /* libvideo_render_module_internal_impl.a */; };
		E29C92021A77D8D6005B53AC /* libvpx_intrinsics_sse4_1.a in Frameworks */ = {isa = PBXBuildFile; fileRef = E29C92011A77D8D6005B53AC /* libvpx_intrinsics_sse4_1.a */; };
		E29C92041A77D8E1005B53AC /* libwebrtc_vp9.a in Frameworks */ = {isa = PBXBuildFile; fileRef = E29C92031A77D8E0005B53AC /* libwebrtc_vp9.a */; };
		E29C92061A77D90B005B53AC /* libneteq.a in Frameworks */ = {isa = PBXBuildFile; fileRef = E29C92051A77D90B005B53AC /* libneteq.a */; };
		E29C92081A77D917005B53AC /* libopenmax_dl.a in Frameworks */ = {isa = PBXBuildFile; fileRef = E29C92071A77D916005B53AC /* libopenmax_dl.a */; };
		E29C920A1A77D920005B53AC /* libjpeg_turbo.a in Frameworks */ = {isa = PBXBuildFile; fileRef = E29C92091A77D91F005B53AC /* libjpeg_turbo.a */; };
		E29C92231A77D9CE005B53AC /* libfield_trial_default.a in Frameworks */ = {isa = PBXBuildFile; fileRef = E29C92221A77D9CD005B53AC /* libfield_trial_default.a */; };
		E29C92251A77DA1D005B53AC /* libaudio_decoder_interface.a in Frameworks */ = {isa = PBXBuildFile; fileRef = E29C92241A77DA1D005B53AC /* libaudio_decoder_interface.a */; };
		E29C92291A77DA5C005B53AC /* libmetrics_default.a in Frameworks */ = {isa = PBXBuildFile; fileRef = E29C92281A77DA5C005B53AC /* libmetrics_default.a */; };
		E2E22F261939311C00664265 /* libaudio_coding_module.a in Frameworks */ = {isa = PBXBuildFile; fileRef = E2E22EF91939311300664265 /* libaudio_coding_module.a */; };
		E2E22F271939311C00664265 /* libaudio_conference_mixer.a in Frameworks */ = {isa = PBXBuildFile; fileRef = E2E22EFA1939311400664265 /* libaudio_conference_mixer.a */; };
		E2E22F281939311C00664265 /* libaudio_device.a in Frameworks */ = {isa = PBXBuildFile; fileRef = E2E22EFB1939311400664265 /* libaudio_device.a */; };
		E2E22F291939311C00664265 /* libaudio_processing_sse2.a in Frameworks */ = {isa = PBXBuildFile; fileRef = E2E22EFC1939311400664265 /* libaudio_processing_sse2.a */; };
		E2E22F2A1939311C00664265 /* libaudio_processing.a in Frameworks */ = {isa = PBXBuildFile; fileRef = E2E22EFD1939311400664265 /* libaudio_processing.a */; };
		E2E22F2B1939311C00664265 /* libbitrate_controller.a in Frameworks */ = {isa = PBXBuildFile; fileRef = E2E22EFE1939311400664265 /* libbitrate_controller.a */; };
		E2E22F2C1939311C00664265 /* libCNG.a in Frameworks */ = {isa = PBXBuildFile; fileRef = E2E22EFF1939311500664265 /* libCNG.a */; };
		E2E22F2D1939311C00664265 /* libcommon_audio_sse2.a in Frameworks */ = {isa = PBXBuildFile; fileRef = E2E22F001939311500664265 /* libcommon_audio_sse2.a */; };
		E2E22F2E1939311C00664265 /* libcommon_audio.a in Frameworks */ = {isa = PBXBuildFile; fileRef = E2E22F011939311500664265 /* libcommon_audio.a */; };
		E2E22F2F1939311C00664265 /* libcommon_video.a in Frameworks */ = {isa = PBXBuildFile; fileRef = E2E22F021939311500664265 /* libcommon_video.a */; };
		E2E22F301939311C00664265 /* libdesktop_capture_differ_sse2.a in Frameworks */ = {isa = PBXBuildFile; fileRef = E2E22F031939311500664265 /* libdesktop_capture_differ_sse2.a */; };
		E2E22F311939311C00664265 /* libdesktop_capture.a in Frameworks */ = {isa = PBXBuildFile; fileRef = E2E22F041939311600664265 /* libdesktop_capture.a */; };
		E2E22F321939311C00664265 /* libG711.a in Frameworks */ = {isa = PBXBuildFile; fileRef = E2E22F051939311600664265 /* libG711.a */; };
		E2E22F331939311C00664265 /* libG722.a in Frameworks */ = {isa = PBXBuildFile; fileRef = E2E22F061939311600664265 /* libG722.a */; };
		E2E22F341939311C00664265 /* libiLBC.a in Frameworks */ = {isa = PBXBuildFile; fileRef = E2E22F071939311600664265 /* libiLBC.a */; };
		E2E22F351939311C00664265 /* libiSAC.a in Frameworks */ = {isa = PBXBuildFile; fileRef = E2E22F081939311600664265 /* libiSAC.a */; };
		E2E22F361939311C00664265 /* libiSACFix.a in Frameworks */ = {isa = PBXBuildFile; fileRef = E2E22F091939311700664265 /* libiSACFix.a */; };
		E2E22F371939311C00664265 /* libmedia_file.a in Frameworks */ = {isa = PBXBuildFile; fileRef = E2E22F0A1939311700664265 /* libmedia_file.a */; };
		E2E22F3A1939311C00664265 /* libopus.a in Frameworks */ = {isa = PBXBuildFile; fileRef = E2E22F0D1939311700664265 /* libopus.a */; };
		E2E22F3B1939311C00664265 /* libpaced_sender.a in Frameworks */ = {isa = PBXBuildFile; fileRef = E2E22F0E1939311800664265 /* libpaced_sender.a */; };
		E2E22F3C1939311C00664265 /* libPCM16B.a in Frameworks */ = {isa = PBXBuildFile; fileRef = E2E22F0F1939311800664265 /* libPCM16B.a */; };
		E2E22F3D1939311C00664265 /* libremote_bitrate_estimator.a in Frameworks */ = {isa = PBXBuildFile; fileRef = E2E22F101939311800664265 /* libremote_bitrate_estimator.a */; };
		E2E22F3E1939311C00664265 /* librtp_rtcp.a in Frameworks */ = {isa = PBXBuildFile; fileRef = E2E22F111939311800664265 /* librtp_rtcp.a */; };
		E2E22F3F1939311C00664265 /* libsystem_wrappers.a in Frameworks */ = {isa = PBXBuildFile; fileRef = E2E22F121939311800664265 /* libsystem_wrappers.a */; };
		E2E22F401939311C00664265 /* libvideo_capture_module.a in Frameworks */ = {isa = PBXBuildFile; fileRef = E2E22F131939311900664265 /* libvideo_capture_module.a */; };
		E2E22F411939311C00664265 /* libvideo_coding_utility.a in Frameworks */ = {isa = PBXBuildFile; fileRef = E2E22F141939311900664265 /* libvideo_coding_utility.a */; };
		E2E22F421939311C00664265 /* libvideo_engine_core.a in Frameworks */ = {isa = PBXBuildFile; fileRef = E2E22F151939311900664265 /* libvideo_engine_core.a */; };
		E2E22F431939311C00664265 /* libvideo_processing_sse2.a in Frameworks */ = {isa = PBXBuildFile; fileRef = E2E22F161939311900664265 /* libvideo_processing_sse2.a */; };
		E2E22F441939311C00664265 /* libvideo_processing.a in Frameworks */ = {isa = PBXBuildFile; fileRef = E2E22F171939311900664265 /* libvideo_processing.a */; };
		E2E22F451939311C00664265 /* libvideo_render_module.a in Frameworks */ = {isa = PBXBuildFile; fileRef = E2E22F181939311A00664265 /* libvideo_render_module.a */; };
		E2E22F461939311C00664265 /* libvoice_engine.a in Frameworks */ = {isa = PBXBuildFile; fileRef = E2E22F191939311A00664265 /* libvoice_engine.a */; };
		E2E22F491939311C00664265 /* libvpx_intrinsics_mmx.a in Frameworks */ = {isa = PBXBuildFile; fileRef = E2E22F1C1939311A00664265 /* libvpx_intrinsics_mmx.a */; };
		E2E22F4A1939311C00664265 /* libvpx_intrinsics_sse2.a in Frameworks */ = {isa = PBXBuildFile; fileRef = E2E22F1D1939311B00664265 /* libvpx_intrinsics_sse2.a */; };
		E2E22F4B1939311C00664265 /* libvpx_intrinsics_ssse3.a in Frameworks */ = {isa = PBXBuildFile; fileRef = E2E22F1E1939311B00664265 /* libvpx_intrinsics_ssse3.a */; };
		E2E22F4C1939311C00664265 /* libvpx.a in Frameworks */ = {isa = PBXBuildFile; fileRef = E2E22F1F1939311B00664265 /* libvpx.a */; };
		E2E22F4D1939311C00664265 /* libwebrtc_i420.a in Frameworks */ = {isa = PBXBuildFile; fileRef = E2E22F201939311B00664265 /* libwebrtc_i420.a */; };
		E2E22F4E1939311C00664265 /* libwebrtc_opus.a in Frameworks */ = {isa = PBXBuildFile; fileRef = E2E22F211939311B00664265 /* libwebrtc_opus.a */; };
		E2E22F4F1939311C00664265 /* libwebrtc_utility.a in Frameworks */ = {isa = PBXBuildFile; fileRef = E2E22F221939311B00664265 /* libwebrtc_utility.a */; };
		E2E22F501939311C00664265 /* libwebrtc_video_coding.a in Frameworks */ = {isa = PBXBuildFile; fileRef = E2E22F231939311C00664265 /* libwebrtc_video_coding.a */; };
		E2E22F511939311C00664265 /* libwebrtc_vp8.a in Frameworks */ = {isa = PBXBuildFile; fileRef = E2E22F241939311C00664265 /* libwebrtc_vp8.a */; };
		E2E22F521939311C00664265 /* libyuv.a in Frameworks */ = {isa = PBXBuildFile; fileRef = E2E22F251939311C00664265 /* libyuv.a */; };
		E2E22F541939324500664265 /* librbe_components.a in Frameworks */ = {isa = PBXBuildFile; fileRef = E2E22F531939324500664265 /* librbe_components.a */; };
/* End PBXBuildFile section */

/* Begin PBXContainerItemProxy section */
		004B8DA5189C2BF300D4F6A8 /* PBXContainerItemProxy */ = {
			isa = PBXContainerItemProxy;
			containerPortal = 004A55921839D67D00AEF378 /* ortclib.xcodeproj */;
			proxyType = 2;
			remoteGlobalIDString = 008F56041821367E009863AA;
			remoteInfo = ortclib;
		};
		0063D34416CB293C00E6DB4D /* PBXContainerItemProxy */ = {
			isa = PBXContainerItemProxy;
			containerPortal = 0063D34016CB293C00E6DB4D /* zsLib.xcodeproj */;
			proxyType = 2;
			remoteGlobalIDString = 006680AE16C9CE4300259F81;
			remoteInfo = zsLib;
		};
		0063D35616CB296600E6DB4D /* PBXContainerItemProxy */ = {
			isa = PBXContainerItemProxy;
			containerPortal = 0063D35216CB296600E6DB4D /* hfservices.xcodeproj */;
			proxyType = 2;
			remoteGlobalIDString = 0095D8B116CA83CB005F53D3;
			remoteInfo = hfservices;
		};
		0063D35C16CB296D00E6DB4D /* PBXContainerItemProxy */ = {
			isa = PBXContainerItemProxy;
			containerPortal = 0063D35816CB296D00E6DB4D /* hfstack.xcodeproj */;
			proxyType = 2;
			remoteGlobalIDString = 0095DEBA16CA8C2F005F53D3;
			remoteInfo = hfstack;
		};
		0063D36216CB297600E6DB4D /* PBXContainerItemProxy */ = {
			isa = PBXContainerItemProxy;
			containerPortal = 0063D35E16CB297600E6DB4D /* hfcore.xcodeproj */;
			proxyType = 2;
			remoteGlobalIDString = 0063BBDE16CA9A1600E6DB4D;
			remoteInfo = hfcore;
		};
		0063D36616CB29C600E6DB4D /* PBXContainerItemProxy */ = {
			isa = PBXContainerItemProxy;
			containerPortal = 0063D35E16CB297600E6DB4D /* hfcore.xcodeproj */;
			proxyType = 1;
			remoteGlobalIDString = 0063BBDD16CA9A1600E6DB4D;
			remoteInfo = hfcore;
		};
		0063D36816CB29C600E6DB4D /* PBXContainerItemProxy */ = {
			isa = PBXContainerItemProxy;
			containerPortal = 0063D34016CB293C00E6DB4D /* zsLib.xcodeproj */;
			proxyType = 1;
			remoteGlobalIDString = 006680AD16C9CE4300259F81;
			remoteInfo = zsLib;
		};
		0063D36A16CB29C600E6DB4D /* PBXContainerItemProxy */ = {
			isa = PBXContainerItemProxy;
			containerPortal = 0063D35216CB296600E6DB4D /* hfservices.xcodeproj */;
			proxyType = 1;
			remoteGlobalIDString = 0095D8B016CA83CB005F53D3;
			remoteInfo = hfservices;
		};
		0063D36C16CB29C600E6DB4D /* PBXContainerItemProxy */ = {
			isa = PBXContainerItemProxy;
			containerPortal = 0063D35816CB296D00E6DB4D /* hfstack.xcodeproj */;
			proxyType = 1;
			remoteGlobalIDString = 0095DEB916CA8C2F005F53D3;
			remoteInfo = hfstack;
		};
		00C5B0D1177CA27D00D6F8AC /* PBXContainerItemProxy */ = {
			isa = PBXContainerItemProxy;
			containerPortal = 0063D34616CB294B00E6DB4D /* udns.xcodeproj */;
			proxyType = 2;
			remoteGlobalIDString = 0066820516C9D91300259F81;
			remoteInfo = udns;
		};
		00C5B0D6177CA27D00D6F8AC /* PBXContainerItemProxy */ = {
			isa = PBXContainerItemProxy;
			containerPortal = 0063D34C16CB296000E6DB4D /* cryptopp.xcodeproj */;
			proxyType = 2;
			remoteGlobalIDString = 006682A016C9DC3D00259F81;
			remoteInfo = cryptopp;
		};
		00C5B0D8177CA2B200D6F8AC /* PBXContainerItemProxy */ = {
			isa = PBXContainerItemProxy;
			containerPortal = 0063D34616CB294B00E6DB4D /* udns.xcodeproj */;
			proxyType = 1;
			remoteGlobalIDString = 0066820416C9D91300259F81;
			remoteInfo = udns;
		};
		00C5B0DA177CA2B200D6F8AC /* PBXContainerItemProxy */ = {
			isa = PBXContainerItemProxy;
			containerPortal = 0063D34C16CB296000E6DB4D /* cryptopp.xcodeproj */;
			proxyType = 1;
			remoteGlobalIDString = 0066829F16C9DC3D00259F81;
			remoteInfo = cryptopp;
		};
		E29C91F51A77D5AF005B53AC /* PBXContainerItemProxy */ = {
			isa = PBXContainerItemProxy;
			containerPortal = E2FED0371A72828400795C40 /* all_osx.xcodeproj */;
			proxyType = 1;
			remoteGlobalIDString = D95ADB02FE982347C7965145;
			remoteInfo = All;
		};
/* End PBXContainerItemProxy section */

/* Begin PBXCopyFilesBuildPhase section */
		0063CD6B16CAEFE400E6DB4D /* CopyFiles */ = {
			isa = PBXCopyFilesBuildPhase;
			buildActionMask = 2147483647;
			dstPath = /usr/share/man/man1/;
			dstSubfolderSpec = 0;
			files = (
			);
			runOnlyForDeploymentPostprocessing = 1;
		};
/* End PBXCopyFilesBuildPhase section */

/* Begin PBXFileReference section */
		004A55921839D67D00AEF378 /* ortclib.xcodeproj */ = {isa = PBXFileReference; lastKnownFileType = "wrapper.pb-project"; name = ortclib.xcodeproj; path = "../../../../ortc-lib/projects/xcode/ortclib/ortclib.xcodeproj"; sourceTree = "<group>"; };
		0063CD6D16CAEFE400E6DB4D /* hfcoreTest */ = {isa = PBXFileReference; explicitFileType = "compiled.mach-o.executable"; includeInIndex = 0; path = hfcoreTest; sourceTree = BUILT_PRODUCTS_DIR; };
		0063CDB816CAF01900E6DB4D /* boost_replacement.cpp */ = {isa = PBXFileReference; fileEncoding = 4; lastKnownFileType = sourcecode.cpp.cpp; path = boost_replacement.cpp; sourceTree = "<group>"; };
		0063CDB916CAF01900E6DB4D /* boost_replacement.h */ = {isa = PBXFileReference; fileEncoding = 4; lastKnownFileType = sourcecode.c.h; path = boost_replacement.h; sourceTree = "<group>"; };
		0063CDBA16CAF01900E6DB4D /* config.h */ = {isa = PBXFileReference; fileEncoding = 4; lastKnownFileType = sourcecode.c.h; path = config.h; sourceTree = "<group>"; };
		0063CDBB16CAF01900E6DB4D /* desktop_FakeGUI.cpp */ = {isa = PBXFileReference; fileEncoding = 4; lastKnownFileType = sourcecode.cpp.cpp; path = desktop_FakeGUI.cpp; sourceTree = "<group>"; };
		0063CDBC16CAF01900E6DB4D /* desktop_FakeGUI.h */ = {isa = PBXFileReference; fileEncoding = 4; lastKnownFileType = sourcecode.c.h; path = desktop_FakeGUI.h; sourceTree = "<group>"; };
		0063CDBD16CAF01900E6DB4D /* main.cpp */ = {isa = PBXFileReference; fileEncoding = 4; lastKnownFileType = sourcecode.cpp.cpp; path = main.cpp; sourceTree = "<group>"; };
		0063D03316CAF1C200E6DB4D /* libcurl.dylib */ = {isa = PBXFileReference; lastKnownFileType = "compiled.mach-o.dylib"; name = libcurl.dylib; path = usr/lib/libcurl.dylib; sourceTree = SDKROOT; };
		0063D03516CAF1D000E6DB4D /* CoreFoundation.framework */ = {isa = PBXFileReference; lastKnownFileType = wrapper.framework; name = CoreFoundation.framework; path = System/Library/Frameworks/CoreFoundation.framework; sourceTree = SDKROOT; };
		0063D34016CB293C00E6DB4D /* zsLib.xcodeproj */ = {isa = PBXFileReference; lastKnownFileType = "wrapper.pb-project"; name = zsLib.xcodeproj; path = "../../../../ortc-lib/libs/zsLib/projects/xcode/zsLib/zsLib.xcodeproj"; sourceTree = "<group>"; };
		0063D34616CB294B00E6DB4D /* udns.xcodeproj */ = {isa = PBXFileReference; lastKnownFileType = "wrapper.pb-project"; name = udns.xcodeproj; path = "../../../../ortc-lib/libs/udns/projects/xcode/udns/udns.xcodeproj"; sourceTree = SOURCE_ROOT; };
		0063D34C16CB296000E6DB4D /* cryptopp.xcodeproj */ = {isa = PBXFileReference; lastKnownFileType = "wrapper.pb-project"; name = cryptopp.xcodeproj; path = "../../../../ortc-lib/libs/cryptopp/projects/xcode/cryptopp/cryptopp.xcodeproj"; sourceTree = SOURCE_ROOT; };
		0063D35216CB296600E6DB4D /* hfservices.xcodeproj */ = {isa = PBXFileReference; lastKnownFileType = "wrapper.pb-project"; name = hfservices.xcodeproj; path = "../../../../ortc-lib/libs/op-services-cpp/projects/xcode/hfservices/hfservices.xcodeproj"; sourceTree = "<group>"; };
		0063D35816CB296D00E6DB4D /* hfstack.xcodeproj */ = {isa = PBXFileReference; lastKnownFileType = "wrapper.pb-project"; name = hfstack.xcodeproj; path = "../../../../op-stack-cpp/projects/xcode/hfstack/hfstack.xcodeproj"; sourceTree = "<group>"; };
		0063D35E16CB297600E6DB4D /* hfcore.xcodeproj */ = {isa = PBXFileReference; lastKnownFileType = "wrapper.pb-project"; name = hfcore.xcodeproj; path = ../hfcore/hfcore.xcodeproj; sourceTree = "<group>"; };
		0063D5B716CB328900E6DB4D /* QTKit.framework */ = {isa = PBXFileReference; lastKnownFileType = wrapper.framework; name = QTKit.framework; path = System/Library/Frameworks/QTKit.framework; sourceTree = SDKROOT; };
		0063D5B916CB329000E6DB4D /* AppKit.framework */ = {isa = PBXFileReference; lastKnownFileType = wrapper.framework; name = AppKit.framework; path = System/Library/Frameworks/AppKit.framework; sourceTree = SDKROOT; };
		0063D5BB16CB329E00E6DB4D /* CoreAudio.framework */ = {isa = PBXFileReference; lastKnownFileType = wrapper.framework; name = CoreAudio.framework; path = System/Library/Frameworks/CoreAudio.framework; sourceTree = SDKROOT; };
		0063D5BD16CB32A500E6DB4D /* AudioToolbox.framework */ = {isa = PBXFileReference; lastKnownFileType = wrapper.framework; name = AudioToolbox.framework; path = System/Library/Frameworks/AudioToolbox.framework; sourceTree = SDKROOT; };
		0063D5BF16CB32AD00E6DB4D /* CoreVideo.framework */ = {isa = PBXFileReference; lastKnownFileType = wrapper.framework; name = CoreVideo.framework; path = System/Library/Frameworks/CoreVideo.framework; sourceTree = SDKROOT; };
		0063D5C116CB32B500E6DB4D /* OpenGL.framework */ = {isa = PBXFileReference; lastKnownFileType = wrapper.framework; name = OpenGL.framework; path = System/Library/Frameworks/OpenGL.framework; sourceTree = SDKROOT; };
		00C82C261832025C005B87E0 /* boost.framework */ = {isa = PBXFileReference; lastKnownFileType = wrapper.framework; name = boost.framework; path = "../../../../ortc-lib/libs/boost/osx/framework/boost.framework"; sourceTree = "<group>"; };
		E210969316D4CECA002147D1 /* TestMediaEngine.cpp */ = {isa = PBXFileReference; fileEncoding = 4; lastKnownFileType = sourcecode.cpp.cpp; path = TestMediaEngine.cpp; sourceTree = "<group>"; };
		E210969416D4CECA002147D1 /* TestMediaEngine.h */ = {isa = PBXFileReference; fileEncoding = 4; lastKnownFileType = sourcecode.c.h; path = TestMediaEngine.h; sourceTree = "<group>"; };
		E29C91F91A77D873005B53AC /* libred.a */ = {isa = PBXFileReference; lastKnownFileType = archive.ar; path = libred.a; sourceTree = BUILT_PRODUCTS_DIR; };
		E29C91FB1A77D882005B53AC /* librtc_base_approved.a */ = {isa = PBXFileReference; lastKnownFileType = archive.ar; path = librtc_base_approved.a; sourceTree = BUILT_PRODUCTS_DIR; };
		E29C91FD1A77D89C005B53AC /* libvideo_capture_module_internal_impl.a */ = {isa = PBXFileReference; lastKnownFileType = archive.ar; path = libvideo_capture_module_internal_impl.a; sourceTree = BUILT_PRODUCTS_DIR; };
		E29C91FF1A77D8B9005B53AC /* libvideo_render_module_internal_impl.a */ = {isa = PBXFileReference; lastKnownFileType = archive.ar; path = libvideo_render_module_internal_impl.a; sourceTree = BUILT_PRODUCTS_DIR; };
		E29C92011A77D8D6005B53AC /* libvpx_intrinsics_sse4_1.a */ = {isa = PBXFileReference; lastKnownFileType = archive.ar; path = libvpx_intrinsics_sse4_1.a; sourceTree = BUILT_PRODUCTS_DIR; };
		E29C92031A77D8E0005B53AC /* libwebrtc_vp9.a */ = {isa = PBXFileReference; lastKnownFileType = archive.ar; path = libwebrtc_vp9.a; sourceTree = BUILT_PRODUCTS_DIR; };
		E29C92051A77D90B005B53AC /* libneteq.a */ = {isa = PBXFileReference; lastKnownFileType = archive.ar; path = libneteq.a; sourceTree = BUILT_PRODUCTS_DIR; };
		E29C92071A77D916005B53AC /* libopenmax_dl.a */ = {isa = PBXFileReference; lastKnownFileType = archive.ar; path = libopenmax_dl.a; sourceTree = BUILT_PRODUCTS_DIR; };
		E29C92091A77D91F005B53AC /* libjpeg_turbo.a */ = {isa = PBXFileReference; lastKnownFileType = archive.ar; path = libjpeg_turbo.a; sourceTree = BUILT_PRODUCTS_DIR; };
		E29C92221A77D9CD005B53AC /* libfield_trial_default.a */ = {isa = PBXFileReference; lastKnownFileType = archive.ar; path = libfield_trial_default.a; sourceTree = BUILT_PRODUCTS_DIR; };
		E29C92241A77DA1D005B53AC /* libaudio_decoder_interface.a */ = {isa = PBXFileReference; lastKnownFileType = archive.ar; path = libaudio_decoder_interface.a; sourceTree = BUILT_PRODUCTS_DIR; };
		E29C92281A77DA5C005B53AC /* libmetrics_default.a */ = {isa = PBXFileReference; lastKnownFileType = archive.ar; path = libmetrics_default.a; sourceTree = BUILT_PRODUCTS_DIR; };
		E2E22EF91939311300664265 /* libaudio_coding_module.a */ = {isa = PBXFileReference; lastKnownFileType = archive.ar; path = libaudio_coding_module.a; sourceTree = BUILT_PRODUCTS_DIR; };
		E2E22EFA1939311400664265 /* libaudio_conference_mixer.a */ = {isa = PBXFileReference; lastKnownFileType = archive.ar; path = libaudio_conference_mixer.a; sourceTree = BUILT_PRODUCTS_DIR; };
		E2E22EFB1939311400664265 /* libaudio_device.a */ = {isa = PBXFileReference; lastKnownFileType = archive.ar; path = libaudio_device.a; sourceTree = BUILT_PRODUCTS_DIR; };
		E2E22EFC1939311400664265 /* libaudio_processing_sse2.a */ = {isa = PBXFileReference; lastKnownFileType = archive.ar; path = libaudio_processing_sse2.a; sourceTree = BUILT_PRODUCTS_DIR; };
		E2E22EFD1939311400664265 /* libaudio_processing.a */ = {isa = PBXFileReference; lastKnownFileType = archive.ar; path = libaudio_processing.a; sourceTree = BUILT_PRODUCTS_DIR; };
		E2E22EFE1939311400664265 /* libbitrate_controller.a */ = {isa = PBXFileReference; lastKnownFileType = archive.ar; path = libbitrate_controller.a; sourceTree = BUILT_PRODUCTS_DIR; };
		E2E22EFF1939311500664265 /* libCNG.a */ = {isa = PBXFileReference; lastKnownFileType = archive.ar; path = libCNG.a; sourceTree = BUILT_PRODUCTS_DIR; };
		E2E22F001939311500664265 /* libcommon_audio_sse2.a */ = {isa = PBXFileReference; lastKnownFileType = archive.ar; path = libcommon_audio_sse2.a; sourceTree = BUILT_PRODUCTS_DIR; };
		E2E22F011939311500664265 /* libcommon_audio.a */ = {isa = PBXFileReference; lastKnownFileType = archive.ar; path = libcommon_audio.a; sourceTree = BUILT_PRODUCTS_DIR; };
		E2E22F021939311500664265 /* libcommon_video.a */ = {isa = PBXFileReference; lastKnownFileType = archive.ar; path = libcommon_video.a; sourceTree = BUILT_PRODUCTS_DIR; };
		E2E22F031939311500664265 /* libdesktop_capture_differ_sse2.a */ = {isa = PBXFileReference; lastKnownFileType = archive.ar; path = libdesktop_capture_differ_sse2.a; sourceTree = BUILT_PRODUCTS_DIR; };
		E2E22F041939311600664265 /* libdesktop_capture.a */ = {isa = PBXFileReference; lastKnownFileType = archive.ar; path = libdesktop_capture.a; sourceTree = BUILT_PRODUCTS_DIR; };
		E2E22F051939311600664265 /* libG711.a */ = {isa = PBXFileReference; lastKnownFileType = archive.ar; path = libG711.a; sourceTree = BUILT_PRODUCTS_DIR; };
		E2E22F061939311600664265 /* libG722.a */ = {isa = PBXFileReference; lastKnownFileType = archive.ar; path = libG722.a; sourceTree = BUILT_PRODUCTS_DIR; };
		E2E22F071939311600664265 /* libiLBC.a */ = {isa = PBXFileReference; lastKnownFileType = archive.ar; path = libiLBC.a; sourceTree = BUILT_PRODUCTS_DIR; };
		E2E22F081939311600664265 /* libiSAC.a */ = {isa = PBXFileReference; lastKnownFileType = archive.ar; path = libiSAC.a; sourceTree = BUILT_PRODUCTS_DIR; };
		E2E22F091939311700664265 /* libiSACFix.a */ = {isa = PBXFileReference; lastKnownFileType = archive.ar; path = libiSACFix.a; sourceTree = BUILT_PRODUCTS_DIR; };
		E2E22F0A1939311700664265 /* libmedia_file.a */ = {isa = PBXFileReference; lastKnownFileType = archive.ar; path = libmedia_file.a; sourceTree = BUILT_PRODUCTS_DIR; };
		E2E22F0D1939311700664265 /* libopus.a */ = {isa = PBXFileReference; lastKnownFileType = archive.ar; path = libopus.a; sourceTree = BUILT_PRODUCTS_DIR; };
		E2E22F0E1939311800664265 /* libpaced_sender.a */ = {isa = PBXFileReference; lastKnownFileType = archive.ar; path = libpaced_sender.a; sourceTree = BUILT_PRODUCTS_DIR; };
		E2E22F0F1939311800664265 /* libPCM16B.a */ = {isa = PBXFileReference; lastKnownFileType = archive.ar; path = libPCM16B.a; sourceTree = BUILT_PRODUCTS_DIR; };
		E2E22F101939311800664265 /* libremote_bitrate_estimator.a */ = {isa = PBXFileReference; lastKnownFileType = archive.ar; path = libremote_bitrate_estimator.a; sourceTree = BUILT_PRODUCTS_DIR; };
		E2E22F111939311800664265 /* librtp_rtcp.a */ = {isa = PBXFileReference; lastKnownFileType = archive.ar; path = librtp_rtcp.a; sourceTree = BUILT_PRODUCTS_DIR; };
		E2E22F121939311800664265 /* libsystem_wrappers.a */ = {isa = PBXFileReference; lastKnownFileType = archive.ar; path = libsystem_wrappers.a; sourceTree = BUILT_PRODUCTS_DIR; };
		E2E22F131939311900664265 /* libvideo_capture_module.a */ = {isa = PBXFileReference; lastKnownFileType = archive.ar; path = libvideo_capture_module.a; sourceTree = BUILT_PRODUCTS_DIR; };
		E2E22F141939311900664265 /* libvideo_coding_utility.a */ = {isa = PBXFileReference; lastKnownFileType = archive.ar; path = libvideo_coding_utility.a; sourceTree = BUILT_PRODUCTS_DIR; };
		E2E22F151939311900664265 /* libvideo_engine_core.a */ = {isa = PBXFileReference; lastKnownFileType = archive.ar; path = libvideo_engine_core.a; sourceTree = BUILT_PRODUCTS_DIR; };
		E2E22F161939311900664265 /* libvideo_processing_sse2.a */ = {isa = PBXFileReference; lastKnownFileType = archive.ar; path = libvideo_processing_sse2.a; sourceTree = BUILT_PRODUCTS_DIR; };
		E2E22F171939311900664265 /* libvideo_processing.a */ = {isa = PBXFileReference; lastKnownFileType = archive.ar; path = libvideo_processing.a; sourceTree = BUILT_PRODUCTS_DIR; };
		E2E22F181939311A00664265 /* libvideo_render_module.a */ = {isa = PBXFileReference; lastKnownFileType = archive.ar; path = libvideo_render_module.a; sourceTree = BUILT_PRODUCTS_DIR; };
		E2E22F191939311A00664265 /* libvoice_engine.a */ = {isa = PBXFileReference; lastKnownFileType = archive.ar; path = libvoice_engine.a; sourceTree = BUILT_PRODUCTS_DIR; };
		E2E22F1C1939311A00664265 /* libvpx_intrinsics_mmx.a */ = {isa = PBXFileReference; lastKnownFileType = archive.ar; path = libvpx_intrinsics_mmx.a; sourceTree = BUILT_PRODUCTS_DIR; };
		E2E22F1D1939311B00664265 /* libvpx_intrinsics_sse2.a */ = {isa = PBXFileReference; lastKnownFileType = archive.ar; path = libvpx_intrinsics_sse2.a; sourceTree = BUILT_PRODUCTS_DIR; };
		E2E22F1E1939311B00664265 /* libvpx_intrinsics_ssse3.a */ = {isa = PBXFileReference; lastKnownFileType = archive.ar; path = libvpx_intrinsics_ssse3.a; sourceTree = BUILT_PRODUCTS_DIR; };
		E2E22F1F1939311B00664265 /* libvpx.a */ = {isa = PBXFileReference; lastKnownFileType = archive.ar; path = libvpx.a; sourceTree = BUILT_PRODUCTS_DIR; };
		E2E22F201939311B00664265 /* libwebrtc_i420.a */ = {isa = PBXFileReference; lastKnownFileType = archive.ar; path = libwebrtc_i420.a; sourceTree = BUILT_PRODUCTS_DIR; };
		E2E22F211939311B00664265 /* libwebrtc_opus.a */ = {isa = PBXFileReference; lastKnownFileType = archive.ar; path = libwebrtc_opus.a; sourceTree = BUILT_PRODUCTS_DIR; };
		E2E22F221939311B00664265 /* libwebrtc_utility.a */ = {isa = PBXFileReference; lastKnownFileType = archive.ar; path = libwebrtc_utility.a; sourceTree = BUILT_PRODUCTS_DIR; };
		E2E22F231939311C00664265 /* libwebrtc_video_coding.a */ = {isa = PBXFileReference; lastKnownFileType = archive.ar; path = libwebrtc_video_coding.a; sourceTree = BUILT_PRODUCTS_DIR; };
		E2E22F241939311C00664265 /* libwebrtc_vp8.a */ = {isa = PBXFileReference; lastKnownFileType = archive.ar; path = libwebrtc_vp8.a; sourceTree = BUILT_PRODUCTS_DIR; };
		E2E22F251939311C00664265 /* libyuv.a */ = {isa = PBXFileReference; lastKnownFileType = archive.ar; path = libyuv.a; sourceTree = BUILT_PRODUCTS_DIR; };
		E2E22F531939324500664265 /* librbe_components.a */ = {isa = PBXFileReference; lastKnownFileType = archive.ar; path = librbe_components.a; sourceTree = BUILT_PRODUCTS_DIR; };
		E2FED0371A72828400795C40 /* all_osx.xcodeproj */ = {isa = PBXFileReference; lastKnownFileType = "wrapper.pb-project"; name = all_osx.xcodeproj; path = "../../../../ortc-lib/libs/webrtc/all_osx.xcodeproj"; sourceTree = "<group>"; };
/* End PBXFileReference section */

/* Begin PBXFrameworksBuildPhase section */
		0063CD6A16CAEFE400E6DB4D /* Frameworks */ = {
			isa = PBXFrameworksBuildPhase;
			buildActionMask = 2147483647;
			files = (
				E2E22F541939324500664265 /* librbe_components.a in Frameworks */,
				E2E22F261939311C00664265 /* libaudio_coding_module.a in Frameworks */,
				E2E22F271939311C00664265 /* libaudio_conference_mixer.a in Frameworks */,
				E2E22F281939311C00664265 /* libaudio_device.a in Frameworks */,
				E2E22F291939311C00664265 /* libaudio_processing_sse2.a in Frameworks */,
				E2E22F2A1939311C00664265 /* libaudio_processing.a in Frameworks */,
				E29C92001A77D8BA005B53AC /* libvideo_render_module_internal_impl.a in Frameworks */,
				E2E22F2B1939311C00664265 /* libbitrate_controller.a in Frameworks */,
				E2E22F2C1939311C00664265 /* libCNG.a in Frameworks */,
				E2E22F2D1939311C00664265 /* libcommon_audio_sse2.a in Frameworks */,
				E2E22F2E1939311C00664265 /* libcommon_audio.a in Frameworks */,
				E2E22F2F1939311C00664265 /* libcommon_video.a in Frameworks */,
				E29C920A1A77D920005B53AC /* libjpeg_turbo.a in Frameworks */,
				E2E22F301939311C00664265 /* libdesktop_capture_differ_sse2.a in Frameworks */,
				E2E22F311939311C00664265 /* libdesktop_capture.a in Frameworks */,
				E2E22F321939311C00664265 /* libG711.a in Frameworks */,
				E2E22F331939311C00664265 /* libG722.a in Frameworks */,
				E2E22F341939311C00664265 /* libiLBC.a in Frameworks */,
				E2E22F351939311C00664265 /* libiSAC.a in Frameworks */,
				E2E22F361939311C00664265 /* libiSACFix.a in Frameworks */,
				E2E22F371939311C00664265 /* libmedia_file.a in Frameworks */,
				E29C91FC1A77D883005B53AC /* librtc_base_approved.a in Frameworks */,
				E2E22F3A1939311C00664265 /* libopus.a in Frameworks */,
				E2E22F3B1939311C00664265 /* libpaced_sender.a in Frameworks */,
				E2E22F3C1939311C00664265 /* libPCM16B.a in Frameworks */,
				E2E22F3D1939311C00664265 /* libremote_bitrate_estimator.a in Frameworks */,
				E29C92041A77D8E1005B53AC /* libwebrtc_vp9.a in Frameworks */,
				E2E22F3E1939311C00664265 /* librtp_rtcp.a in Frameworks */,
				E2E22F3F1939311C00664265 /* libsystem_wrappers.a in Frameworks */,
				E2E22F401939311C00664265 /* libvideo_capture_module.a in Frameworks */,
				E29C92081A77D917005B53AC /* libopenmax_dl.a in Frameworks */,
				E2E22F411939311C00664265 /* libvideo_coding_utility.a in Frameworks */,
				E2E22F421939311C00664265 /* libvideo_engine_core.a in Frameworks */,
				E2E22F431939311C00664265 /* libvideo_processing_sse2.a in Frameworks */,
				E2E22F441939311C00664265 /* libvideo_processing.a in Frameworks */,
				E2E22F451939311C00664265 /* libvideo_render_module.a in Frameworks */,
				E2E22F461939311C00664265 /* libvoice_engine.a in Frameworks */,
				E2E22F491939311C00664265 /* libvpx_intrinsics_mmx.a in Frameworks */,
				E2E22F4A1939311C00664265 /* libvpx_intrinsics_sse2.a in Frameworks */,
				E2E22F4B1939311C00664265 /* libvpx_intrinsics_ssse3.a in Frameworks */,
				E2E22F4C1939311C00664265 /* libvpx.a in Frameworks */,
				E2E22F4D1939311C00664265 /* libwebrtc_i420.a in Frameworks */,
				E2E22F4E1939311C00664265 /* libwebrtc_opus.a in Frameworks */,
				E29C91FE1A77D89D005B53AC /* libvideo_capture_module_internal_impl.a in Frameworks */,
				E29C91FA1A77D873005B53AC /* libred.a in Frameworks */,
				E29C92251A77DA1D005B53AC /* libaudio_decoder_interface.a in Frameworks */,
				E2E22F4F1939311C00664265 /* libwebrtc_utility.a in Frameworks */,
				E2E22F501939311C00664265 /* libwebrtc_video_coding.a in Frameworks */,
				E29C92061A77D90B005B53AC /* libneteq.a in Frameworks */,
				E2E22F511939311C00664265 /* libwebrtc_vp8.a in Frameworks */,
				E2E22F521939311C00664265 /* libyuv.a in Frameworks */,
				0063D03416CAF1C200E6DB4D /* libcurl.dylib in Frameworks */,
				0063D37516CB2BB600E6DB4D /* libhfcore.a in Frameworks */,
				0063D37416CB2B3400E6DB4D /* libhfstack.a in Frameworks */,
				0063D37316CB2B2E00E6DB4D /* libhfservices.a in Frameworks */,
				E29C92231A77D9CE005B53AC /* libfield_trial_default.a in Frameworks */,
				00C5B0DC177CA2C900D6F8AC /* libcryptopp.a in Frameworks */,
				E29C92291A77DA5C005B53AC /* libmetrics_default.a in Frameworks */,
				00C5B0DD177CA2DC00D6F8AC /* libudns.a in Frameworks */,
				0063D37016CB2B1D00E6DB4D /* libzsLib.a in Frameworks */,
				0063D5BE16CB32A500E6DB4D /* AudioToolbox.framework in Frameworks */,
				0063D5BA16CB329000E6DB4D /* AppKit.framework in Frameworks */,
				E29C92021A77D8D6005B53AC /* libvpx_intrinsics_sse4_1.a in Frameworks */,
				00C82C271832025D005B87E0 /* boost.framework in Frameworks */,
				0063D5BC16CB329E00E6DB4D /* CoreAudio.framework in Frameworks */,
				0063D03616CAF1D000E6DB4D /* CoreFoundation.framework in Frameworks */,
				0063D5C016CB32AE00E6DB4D /* CoreVideo.framework in Frameworks */,
				0063D5C216CB32B500E6DB4D /* OpenGL.framework in Frameworks */,
				0063D5B816CB328A00E6DB4D /* QTKit.framework in Frameworks */,
			);
			runOnlyForDeploymentPostprocessing = 0;
		};
/* End PBXFrameworksBuildPhase section */

/* Begin PBXGroup section */
		004B8DA2189C2BF300D4F6A8 /* Products */ = {
			isa = PBXGroup;
			children = (
				004B8DA6189C2BF300D4F6A8 /* libortclib.a */,
			);
			name = Products;
			sourceTree = "<group>";
		};
		0063CD6416CAEFE400E6DB4D = {
			isa = PBXGroup;
			children = (
				0063CD8216CAF01900E6DB4D /* openpeer */,
				0063CFFD16CAF10500E6DB4D /* Projects */,
				0063CFFF16CAF11B00E6DB4D /* Frameworks */,
				0063CFFE16CAF11200E6DB4D /* Libraries */,
				0063CD6E16CAEFE400E6DB4D /* Products */,
			);
			sourceTree = "<group>";
		};
		0063CD6E16CAEFE400E6DB4D /* Products */ = {
			isa = PBXGroup;
			children = (
				0063CD6D16CAEFE400E6DB4D /* hfcoreTest */,
			);
			name = Products;
			sourceTree = "<group>";
		};
		0063CD8216CAF01900E6DB4D /* openpeer */ = {
			isa = PBXGroup;
			children = (
				0063CD8316CAF01900E6DB4D /* core */,
			);
			name = openpeer;
			path = ../../../openpeer;
			sourceTree = "<group>";
		};
		0063CD8316CAF01900E6DB4D /* core */ = {
			isa = PBXGroup;
			children = (
				0063CDB716CAF01900E6DB4D /* test */,
			);
			path = core;
			sourceTree = "<group>";
		};
		0063CDB716CAF01900E6DB4D /* test */ = {
			isa = PBXGroup;
			children = (
				0063CDBA16CAF01900E6DB4D /* config.h */,
				0063CDB816CAF01900E6DB4D /* boost_replacement.cpp */,
				0063CDB916CAF01900E6DB4D /* boost_replacement.h */,
				0063CDBB16CAF01900E6DB4D /* desktop_FakeGUI.cpp */,
				0063CDBC16CAF01900E6DB4D /* desktop_FakeGUI.h */,
				0063CDBD16CAF01900E6DB4D /* main.cpp */,
				E210969416D4CECA002147D1 /* TestMediaEngine.h */,
				E210969316D4CECA002147D1 /* TestMediaEngine.cpp */,
			);
			path = test;
			sourceTree = "<group>";
		};
		0063CFFD16CAF10500E6DB4D /* Projects */ = {
			isa = PBXGroup;
			children = (
				0063D35E16CB297600E6DB4D /* hfcore.xcodeproj */,
				0063D35816CB296D00E6DB4D /* hfstack.xcodeproj */,
				004A55921839D67D00AEF378 /* ortclib.xcodeproj */,
				0063D35216CB296600E6DB4D /* hfservices.xcodeproj */,
				0063D34C16CB296000E6DB4D /* cryptopp.xcodeproj */,
				0063D34616CB294B00E6DB4D /* udns.xcodeproj */,
				0063D34016CB293C00E6DB4D /* zsLib.xcodeproj */,
				E2FED01E1A7281A000795C40 /* webrtc */,
			);
			name = Projects;
			sourceTree = "<group>";
		};
		0063CFFE16CAF11200E6DB4D /* Libraries */ = {
			isa = PBXGroup;
			children = (
			);
			name = Libraries;
			sourceTree = "<group>";
		};
		0063CFFF16CAF11B00E6DB4D /* Frameworks */ = {
			isa = PBXGroup;
			children = (
				E29C92281A77DA5C005B53AC /* libmetrics_default.a */,
				E29C92241A77DA1D005B53AC /* libaudio_decoder_interface.a */,
				E29C92221A77D9CD005B53AC /* libfield_trial_default.a */,
				E29C92091A77D91F005B53AC /* libjpeg_turbo.a */,
				E29C92071A77D916005B53AC /* libopenmax_dl.a */,
				E29C92051A77D90B005B53AC /* libneteq.a */,
				E29C92031A77D8E0005B53AC /* libwebrtc_vp9.a */,
				E29C92011A77D8D6005B53AC /* libvpx_intrinsics_sse4_1.a */,
				E29C91FF1A77D8B9005B53AC /* libvideo_render_module_internal_impl.a */,
				E29C91FD1A77D89C005B53AC /* libvideo_capture_module_internal_impl.a */,
				E29C91FB1A77D882005B53AC /* librtc_base_approved.a */,
				E29C91F91A77D873005B53AC /* libred.a */,
				E2E22F531939324500664265 /* librbe_components.a */,
				E2E22EF91939311300664265 /* libaudio_coding_module.a */,
				E2E22EFA1939311400664265 /* libaudio_conference_mixer.a */,
				E2E22EFB1939311400664265 /* libaudio_device.a */,
				E2E22EFC1939311400664265 /* libaudio_processing_sse2.a */,
				E2E22EFD1939311400664265 /* libaudio_processing.a */,
				E2E22EFE1939311400664265 /* libbitrate_controller.a */,
				E2E22EFF1939311500664265 /* libCNG.a */,
				E2E22F001939311500664265 /* libcommon_audio_sse2.a */,
				E2E22F011939311500664265 /* libcommon_audio.a */,
				E2E22F021939311500664265 /* libcommon_video.a */,
				E2E22F031939311500664265 /* libdesktop_capture_differ_sse2.a */,
				E2E22F041939311600664265 /* libdesktop_capture.a */,
				E2E22F051939311600664265 /* libG711.a */,
				E2E22F061939311600664265 /* libG722.a */,
				E2E22F071939311600664265 /* libiLBC.a */,
				E2E22F081939311600664265 /* libiSAC.a */,
				E2E22F091939311700664265 /* libiSACFix.a */,
				E2E22F0A1939311700664265 /* libmedia_file.a */,
				E2E22F0D1939311700664265 /* libopus.a */,
				E2E22F0E1939311800664265 /* libpaced_sender.a */,
				E2E22F0F1939311800664265 /* libPCM16B.a */,
				E2E22F101939311800664265 /* libremote_bitrate_estimator.a */,
				E2E22F111939311800664265 /* librtp_rtcp.a */,
				E2E22F121939311800664265 /* libsystem_wrappers.a */,
				E2E22F131939311900664265 /* libvideo_capture_module.a */,
				E2E22F141939311900664265 /* libvideo_coding_utility.a */,
				E2E22F151939311900664265 /* libvideo_engine_core.a */,
				E2E22F161939311900664265 /* libvideo_processing_sse2.a */,
				E2E22F171939311900664265 /* libvideo_processing.a */,
				E2E22F181939311A00664265 /* libvideo_render_module.a */,
				E2E22F191939311A00664265 /* libvoice_engine.a */,
				E2E22F1C1939311A00664265 /* libvpx_intrinsics_mmx.a */,
				E2E22F1D1939311B00664265 /* libvpx_intrinsics_sse2.a */,
				E2E22F1E1939311B00664265 /* libvpx_intrinsics_ssse3.a */,
				E2E22F1F1939311B00664265 /* libvpx.a */,
				E2E22F201939311B00664265 /* libwebrtc_i420.a */,
				E2E22F211939311B00664265 /* libwebrtc_opus.a */,
				E2E22F221939311B00664265 /* libwebrtc_utility.a */,
				E2E22F231939311C00664265 /* libwebrtc_video_coding.a */,
				E2E22F241939311C00664265 /* libwebrtc_vp8.a */,
				E2E22F251939311C00664265 /* libyuv.a */,
				0063D03316CAF1C200E6DB4D /* libcurl.dylib */,
				00C82C261832025C005B87E0 /* boost.framework */,
				0063D5C116CB32B500E6DB4D /* OpenGL.framework */,
				0063D5BF16CB32AD00E6DB4D /* CoreVideo.framework */,
				0063D5BD16CB32A500E6DB4D /* AudioToolbox.framework */,
				0063D5BB16CB329E00E6DB4D /* CoreAudio.framework */,
				0063D5B916CB329000E6DB4D /* AppKit.framework */,
				0063D5B716CB328900E6DB4D /* QTKit.framework */,
				0063D03516CAF1D000E6DB4D /* CoreFoundation.framework */,
			);
			name = Frameworks;
			sourceTree = "<group>";
		};
		0063D34116CB293C00E6DB4D /* Products */ = {
			isa = PBXGroup;
			children = (
				0063D34516CB293C00E6DB4D /* libzsLib.a */,
			);
			name = Products;
			sourceTree = "<group>";
		};
		0063D35316CB296600E6DB4D /* Products */ = {
			isa = PBXGroup;
			children = (
				0063D35716CB296600E6DB4D /* libhfservices.a */,
			);
			name = Products;
			sourceTree = "<group>";
		};
		0063D35916CB296D00E6DB4D /* Products */ = {
			isa = PBXGroup;
			children = (
				0063D35D16CB296D00E6DB4D /* libhfstack.a */,
			);
			name = Products;
			sourceTree = "<group>";
		};
		0063D35F16CB297600E6DB4D /* Products */ = {
			isa = PBXGroup;
			children = (
				0063D36316CB297600E6DB4D /* libhfcore.a */,
			);
			name = Products;
			sourceTree = "<group>";
		};
		00C5B0CE177CA27D00D6F8AC /* Products */ = {
			isa = PBXGroup;
			children = (
				00C5B0D2177CA27D00D6F8AC /* libudns.a */,
			);
			name = Products;
			sourceTree = "<group>";
		};
		00C5B0D3177CA27D00D6F8AC /* Products */ = {
			isa = PBXGroup;
			children = (
				00C5B0D7177CA27D00D6F8AC /* libcryptopp.a */,
			);
			name = Products;
			sourceTree = "<group>";
		};
		E2FED01E1A7281A000795C40 /* webrtc */ = {
			isa = PBXGroup;
			children = (
				E2FED0371A72828400795C40 /* all_osx.xcodeproj */,
			);
			name = webrtc;
			sourceTree = "<group>";
		};
		E2FED0381A72828400795C40 /* Products */ = {
			isa = PBXGroup;
			children = (
			);
			name = Products;
			sourceTree = "<group>";
		};
/* End PBXGroup section */

/* Begin PBXNativeTarget section */
		0063CD6C16CAEFE400E6DB4D /* hfcoreTest */ = {
			isa = PBXNativeTarget;
			buildConfigurationList = 0063CD7616CAEFE400E6DB4D /* Build configuration list for PBXNativeTarget "hfcoreTest" */;
			buildPhases = (
				0063CD6916CAEFE400E6DB4D /* Sources */,
				0063CD6A16CAEFE400E6DB4D /* Frameworks */,
				0063CD6B16CAEFE400E6DB4D /* CopyFiles */,
			);
			buildRules = (
			);
			dependencies = (
				E29C91F61A77D5AF005B53AC /* PBXTargetDependency */,
				00C5B0D9177CA2B200D6F8AC /* PBXTargetDependency */,
				00C5B0DB177CA2B200D6F8AC /* PBXTargetDependency */,
				0063D36716CB29C600E6DB4D /* PBXTargetDependency */,
				0063D36D16CB29C600E6DB4D /* PBXTargetDependency */,
				0063D36B16CB29C600E6DB4D /* PBXTargetDependency */,
				0063D36916CB29C600E6DB4D /* PBXTargetDependency */,
			);
			name = hfcoreTest;
			productName = hfcoreTest;
			productReference = 0063CD6D16CAEFE400E6DB4D /* hfcoreTest */;
			productType = "com.apple.product-type.tool";
		};
/* End PBXNativeTarget section */

/* Begin PBXProject section */
		0063CD6516CAEFE400E6DB4D /* Project object */ = {
			isa = PBXProject;
			attributes = {
				LastUpgradeCheck = 0460;
				ORGANIZATIONNAME = "SMB Phone Inc.";
			};
			buildConfigurationList = 0063CD6816CAEFE400E6DB4D /* Build configuration list for PBXProject "hfcoreTest" */;
			compatibilityVersion = "Xcode 3.2";
			developmentRegion = English;
			hasScannedForEncodings = 0;
			knownRegions = (
				en,
			);
			mainGroup = 0063CD6416CAEFE400E6DB4D;
			productRefGroup = 0063CD6E16CAEFE400E6DB4D /* Products */;
			projectDirPath = "";
			projectReferences = (
				{
					ProductGroup = E2FED0381A72828400795C40 /* Products */;
					ProjectRef = E2FED0371A72828400795C40 /* all_osx.xcodeproj */;
				},
				{
					ProductGroup = 00C5B0D3177CA27D00D6F8AC /* Products */;
					ProjectRef = 0063D34C16CB296000E6DB4D /* cryptopp.xcodeproj */;
				},
				{
					ProductGroup = 0063D35F16CB297600E6DB4D /* Products */;
					ProjectRef = 0063D35E16CB297600E6DB4D /* hfcore.xcodeproj */;
				},
				{
					ProductGroup = 0063D35316CB296600E6DB4D /* Products */;
					ProjectRef = 0063D35216CB296600E6DB4D /* hfservices.xcodeproj */;
				},
				{
					ProductGroup = 0063D35916CB296D00E6DB4D /* Products */;
					ProjectRef = 0063D35816CB296D00E6DB4D /* hfstack.xcodeproj */;
				},
				{
					ProductGroup = 004B8DA2189C2BF300D4F6A8 /* Products */;
					ProjectRef = 004A55921839D67D00AEF378 /* ortclib.xcodeproj */;
				},
				{
					ProductGroup = 00C5B0CE177CA27D00D6F8AC /* Products */;
					ProjectRef = 0063D34616CB294B00E6DB4D /* udns.xcodeproj */;
				},
				{
					ProductGroup = 0063D34116CB293C00E6DB4D /* Products */;
					ProjectRef = 0063D34016CB293C00E6DB4D /* zsLib.xcodeproj */;
				},
			);
			projectRoot = "";
			targets = (
				0063CD6C16CAEFE400E6DB4D /* hfcoreTest */,
			);
		};
/* End PBXProject section */

/* Begin PBXReferenceProxy section */
		004B8DA6189C2BF300D4F6A8 /* libortclib.a */ = {
			isa = PBXReferenceProxy;
			fileType = archive.ar;
			path = libortclib.a;
			remoteRef = 004B8DA5189C2BF300D4F6A8 /* PBXContainerItemProxy */;
			sourceTree = BUILT_PRODUCTS_DIR;
		};
		0063D34516CB293C00E6DB4D /* libzsLib.a */ = {
			isa = PBXReferenceProxy;
			fileType = archive.ar;
			path = libzsLib.a;
			remoteRef = 0063D34416CB293C00E6DB4D /* PBXContainerItemProxy */;
			sourceTree = BUILT_PRODUCTS_DIR;
		};
		0063D35716CB296600E6DB4D /* libhfservices.a */ = {
			isa = PBXReferenceProxy;
			fileType = archive.ar;
			path = libhfservices.a;
			remoteRef = 0063D35616CB296600E6DB4D /* PBXContainerItemProxy */;
			sourceTree = BUILT_PRODUCTS_DIR;
		};
		0063D35D16CB296D00E6DB4D /* libhfstack.a */ = {
			isa = PBXReferenceProxy;
			fileType = archive.ar;
			path = libhfstack.a;
			remoteRef = 0063D35C16CB296D00E6DB4D /* PBXContainerItemProxy */;
			sourceTree = BUILT_PRODUCTS_DIR;
		};
		0063D36316CB297600E6DB4D /* libhfcore.a */ = {
			isa = PBXReferenceProxy;
			fileType = archive.ar;
			path = libhfcore.a;
			remoteRef = 0063D36216CB297600E6DB4D /* PBXContainerItemProxy */;
			sourceTree = BUILT_PRODUCTS_DIR;
		};
		00C5B0D2177CA27D00D6F8AC /* libudns.a */ = {
			isa = PBXReferenceProxy;
			fileType = archive.ar;
			path = libudns.a;
			remoteRef = 00C5B0D1177CA27D00D6F8AC /* PBXContainerItemProxy */;
			sourceTree = BUILT_PRODUCTS_DIR;
		};
		00C5B0D7177CA27D00D6F8AC /* libcryptopp.a */ = {
			isa = PBXReferenceProxy;
			fileType = archive.ar;
			path = libcryptopp.a;
			remoteRef = 00C5B0D6177CA27D00D6F8AC /* PBXContainerItemProxy */;
			sourceTree = BUILT_PRODUCTS_DIR;
		};
/* End PBXReferenceProxy section */

/* Begin PBXSourcesBuildPhase section */
		0063CD6916CAEFE400E6DB4D /* Sources */ = {
			isa = PBXSourcesBuildPhase;
			buildActionMask = 2147483647;
			files = (
				E23C2EC1192E11FF00706ADA /* TestMediaEngine.cpp in Sources */,
				0063CF5616CAF01A00E6DB4D /* boost_replacement.cpp in Sources */,
				0063CF5716CAF01A00E6DB4D /* desktop_FakeGUI.cpp in Sources */,
				0063CF5816CAF01A00E6DB4D /* main.cpp in Sources */,
			);
			runOnlyForDeploymentPostprocessing = 0;
		};
/* End PBXSourcesBuildPhase section */

/* Begin PBXTargetDependency section */
		0063D36716CB29C600E6DB4D /* PBXTargetDependency */ = {
			isa = PBXTargetDependency;
			name = hfcore;
			targetProxy = 0063D36616CB29C600E6DB4D /* PBXContainerItemProxy */;
		};
		0063D36916CB29C600E6DB4D /* PBXTargetDependency */ = {
			isa = PBXTargetDependency;
			name = zsLib;
			targetProxy = 0063D36816CB29C600E6DB4D /* PBXContainerItemProxy */;
		};
		0063D36B16CB29C600E6DB4D /* PBXTargetDependency */ = {
			isa = PBXTargetDependency;
			name = hfservices;
			targetProxy = 0063D36A16CB29C600E6DB4D /* PBXContainerItemProxy */;
		};
		0063D36D16CB29C600E6DB4D /* PBXTargetDependency */ = {
			isa = PBXTargetDependency;
			name = hfstack;
			targetProxy = 0063D36C16CB29C600E6DB4D /* PBXContainerItemProxy */;
		};
		00C5B0D9177CA2B200D6F8AC /* PBXTargetDependency */ = {
			isa = PBXTargetDependency;
			name = udns;
			targetProxy = 00C5B0D8177CA2B200D6F8AC /* PBXContainerItemProxy */;
		};
		00C5B0DB177CA2B200D6F8AC /* PBXTargetDependency */ = {
			isa = PBXTargetDependency;
			name = cryptopp;
			targetProxy = 00C5B0DA177CA2B200D6F8AC /* PBXContainerItemProxy */;
		};
		E29C91F61A77D5AF005B53AC /* PBXTargetDependency */ = {
			isa = PBXTargetDependency;
			name = All;
			targetProxy = E29C91F51A77D5AF005B53AC /* PBXContainerItemProxy */;
		};
/* End PBXTargetDependency section */

/* Begin XCBuildConfiguration section */
		0063CD7416CAEFE400E6DB4D /* Debug */ = {
			isa = XCBuildConfiguration;
			buildSettings = {
				ALWAYS_SEARCH_USER_PATHS = NO;
				ARCHS = "$(ARCHS_STANDARD_32_64_BIT)";
				CLANG_CXX_LANGUAGE_STANDARD = "gnu++0x";
				CLANG_CXX_LIBRARY = "libstdc++";
				CLANG_ENABLE_OBJC_ARC = YES;
				CLANG_WARN_CONSTANT_CONVERSION = YES;
				CLANG_WARN_EMPTY_BODY = YES;
				CLANG_WARN_ENUM_CONVERSION = YES;
				CLANG_WARN_INT_CONVERSION = YES;
				CLANG_WARN__DUPLICATE_METHOD_MATCH = YES;
				COPY_PHASE_STRIP = NO;
				FRAMEWORK_SEARCH_PATHS = "../../../../ortc-lib/libs/boost/osx/framework";
				GCC_C_LANGUAGE_STANDARD = gnu99;
				GCC_DYNAMIC_NO_PIC = NO;
				GCC_ENABLE_OBJC_EXCEPTIONS = YES;
				GCC_OPTIMIZATION_LEVEL = 0;
				GCC_PREPROCESSOR_DEFINITIONS = (
					"$(inherited)",
					CRYPTOPP_DISABLE_ASM,
				);
				GCC_SYMBOLS_PRIVATE_EXTERN = NO;
				GCC_WARN_64_TO_32_BIT_CONVERSION = YES;
				GCC_WARN_ABOUT_RETURN_TYPE = YES;
				GCC_WARN_UNINITIALIZED_AUTOS = YES;
				GCC_WARN_UNUSED_VARIABLE = YES;
				HEADER_SEARCH_PATHS = (
					../../..,
					"../../../../op-stack-cpp",
					"../../../../ortc-lib/libs",
					"../../../../ortc-lib/libs/zsLib",
					"../../../../ortc-lib/libs/op-services-cpp",
					"../../../../ortc-lib/libs/boost/osx/framework/boost.framework/Headers",
					"../../../../ortc-lib/libs/webRTC",
					"../../../../ortc-lib/libs/webRTC/webrtc/modules/video_render/main/source/iPhone",
					"../../../../ortc-lib/libs/webRTC/webrtc/video_engine/main/interface",
					"../../../../ortc-lib/libs/webRTC/webrtc/modules/video_coding/codecs/interface/",
					"../../../../ortc-lib/libs/webRTC/webrtc/common_video/interface/",
					"../../../../ortc-lib/libs/webRTC/webrtc/system_wrappers/interface",
					"../../../../ortc-lib/libs/webRTC/webrtc/modules/video_render/main/interface",
					"../../../../ortc-lib/libs/webRTC/webrtc/modules/interface",
					"../../../../ortc-lib/libs/webRTC/webrtc/modules/video_capture/include",
					"../../../../ortc-lib/libs/webRTC/webrtc/common_video/vplib/main/interface",
					"../../../../ortc-lib/libs/webRTC/webrtc/voice_engine/include",
					"../../../../ortc-lib/libs/webRTC/webrtc",
					"../../../../ortc-lib/libs/webRTC/webrtc/video_engine/include",
					"../../../../ortc-lib/libs/webRTC/webrtc/video_engine/main/interface",
				);
				MACOSX_DEPLOYMENT_TARGET = 10.8;
				ONLY_ACTIVE_ARCH = YES;
				SDKROOT = macosx;
			};
			name = Debug;
		};
		0063CD7516CAEFE400E6DB4D /* Release */ = {
			isa = XCBuildConfiguration;
			buildSettings = {
				ALWAYS_SEARCH_USER_PATHS = NO;
				ARCHS = "$(ARCHS_STANDARD_32_64_BIT)";
				CLANG_CXX_LANGUAGE_STANDARD = "gnu++0x";
				CLANG_CXX_LIBRARY = "libstdc++";
				CLANG_ENABLE_OBJC_ARC = YES;
				CLANG_WARN_CONSTANT_CONVERSION = YES;
				CLANG_WARN_EMPTY_BODY = YES;
				CLANG_WARN_ENUM_CONVERSION = YES;
				CLANG_WARN_INT_CONVERSION = YES;
				CLANG_WARN__DUPLICATE_METHOD_MATCH = YES;
				COPY_PHASE_STRIP = YES;
				DEBUG_INFORMATION_FORMAT = "dwarf-with-dsym";
				FRAMEWORK_SEARCH_PATHS = "../../../../ortc-lib/libs/boost/osx/framework";
				GCC_C_LANGUAGE_STANDARD = gnu99;
				GCC_ENABLE_OBJC_EXCEPTIONS = YES;
				GCC_PREPROCESSOR_DEFINITIONS = (
					"$(inherited)",
					CRYPTOPP_DISABLE_ASM,
				);
				GCC_WARN_64_TO_32_BIT_CONVERSION = YES;
				GCC_WARN_ABOUT_RETURN_TYPE = YES;
				GCC_WARN_UNINITIALIZED_AUTOS = YES;
				GCC_WARN_UNUSED_VARIABLE = YES;
				HEADER_SEARCH_PATHS = (
					../../..,
					"../../../../op-stack-cpp",
					"../../../../ortc-lib/libs",
					"../../../../ortc-lib/libs/zsLib",
					"../../../../ortc-lib/libs/op-services-cpp",
					"../../../../ortc-lib/libs/boost/osx/framework/boost.framework/Headers",
					"../../../../ortc-lib/libs/webRTC",
					"../../../../ortc-lib/libs/webRTC/webrtc/modules/video_render/main/source/iPhone",
					"../../../../ortc-lib/libs/webRTC/webrtc/video_engine/main/interface",
					"../../../../ortc-lib/libs/webRTC/webrtc/modules/video_coding/codecs/interface/",
					"../../../../ortc-lib/libs/webRTC/webrtc/common_video/interface/",
					"../../../../ortc-lib/libs/webRTC/webrtc/system_wrappers/interface",
					"../../../../ortc-lib/libs/webRTC/webrtc/modules/video_render/main/interface",
					"../../../../ortc-lib/libs/webRTC/webrtc/modules/interface",
					"../../../../ortc-lib/libs/webRTC/webrtc/modules/video_capture/include",
					"../../../../ortc-lib/libs/webRTC/webrtc/common_video/vplib/main/interface",
					"../../../../ortc-lib/libs/webRTC/webrtc/voice_engine/include",
					"../../../../ortc-lib/libs/webRTC/webrtc",
					"../../../../ortc-lib/libs/webRTC/webrtc/video_engine/include",
					"../../../../ortc-lib/libs/webRTC/webrtc/video_engine/main/interface",
				);
				MACOSX_DEPLOYMENT_TARGET = 10.8;
				SDKROOT = macosx;
			};
			name = Release;
		};
		0063CD7716CAEFE400E6DB4D /* Debug */ = {
			isa = XCBuildConfiguration;
			buildSettings = {
				FRAMEWORK_SEARCH_PATHS = (
					"$(inherited)",
					/Volumes/Hookflash/Repos/ios/opios/libs/op/libs/boost/osx/framework,
					"/Volumes/Hookflash/Repos/ios/t/opios/libs/op/libs/ortc-lib/libs/boost/osx/framework",
				);
				GCC_PREPROCESSOR_DEFINITIONS = (
					"$(inherited)",
					"DEBUG=1",
				);
				HEADER_SEARCH_PATHS = "$(inherited)";
				LIBRARY_SEARCH_PATHS = "$(inherited)";
				PRODUCT_NAME = "$(TARGET_NAME)";
			};
			name = Debug;
		};
		0063CD7816CAEFE400E6DB4D /* Release */ = {
			isa = XCBuildConfiguration;
			buildSettings = {
				FRAMEWORK_SEARCH_PATHS = (
					"$(inherited)",
					/Volumes/Hookflash/Repos/ios/opios/libs/op/libs/boost/osx/framework,
					"/Volumes/Hookflash/Repos/ios/t/opios/libs/op/libs/ortc-lib/libs/boost/osx/framework",
				);
				GCC_PREPROCESSOR_DEFINITIONS = (
					"$(inherited)",
					"NDEBUG=1",
				);
				HEADER_SEARCH_PATHS = "$(inherited)";
				LIBRARY_SEARCH_PATHS = "$(inherited)";
				PRODUCT_NAME = "$(TARGET_NAME)";
			};
			name = Release;
		};
/* End XCBuildConfiguration section */

/* Begin XCConfigurationList section */
		0063CD6816CAEFE400E6DB4D /* Build configuration list for PBXProject "hfcoreTest" */ = {
			isa = XCConfigurationList;
			buildConfigurations = (
				0063CD7416CAEFE400E6DB4D /* Debug */,
				0063CD7516CAEFE400E6DB4D /* Release */,
			);
			defaultConfigurationIsVisible = 0;
			defaultConfigurationName = Release;
		};
		0063CD7616CAEFE400E6DB4D /* Build configuration list for PBXNativeTarget "hfcoreTest" */ = {
			isa = XCConfigurationList;
			buildConfigurations = (
				0063CD7716CAEFE400E6DB4D /* Debug */,
				0063CD7816CAEFE400E6DB4D /* Release */,
			);
			defaultConfigurationIsVisible = 0;
			defaultConfigurationName = Release;
		};
/* End XCConfigurationList section */
	};
	rootObject = 0063CD6516CAEFE400E6DB4D /* Project object */;
}
